// !$*UTF8*$!
{
	archiveVersion = 1;
	classes = {
	};
	objectVersion = 56;
	objects = {

/* Begin PBXBuildFile section */
		2F016FFD2ADAC1F800070FAA /* AddNewFriendView.swift in Sources */ = {isa = PBXBuildFile; fileRef = 2F016FFC2ADAC1F800070FAA /* AddNewFriendView.swift */; };
		2F016FFF2ADADB6500070FAA /* ratingView.swift in Sources */ = {isa = PBXBuildFile; fileRef = 2F016FFE2ADADB6500070FAA /* ratingView.swift */; };
		2F0170012ADAF92800070FAA /* AnimeRatingDetailsView.swift in Sources */ = {isa = PBXBuildFile; fileRef = 2F0170002ADAF92800070FAA /* AnimeRatingDetailsView.swift */; };
		2F06C95E2AD1057400BF5932 /* userFavoritesView.swift in Sources */ = {isa = PBXBuildFile; fileRef = 2F06C95D2AD1057400BF5932 /* userFavoritesView.swift */; };
		2F0AE3A32ACCFD0A001F4405 /* AccountView.swift in Sources */ = {isa = PBXBuildFile; fileRef = 2F0AE3A22ACCFD0A001F4405 /* AccountView.swift */; };
		2F0AE3A52ACD043F001F4405 /* AnimeWatchingButton.swift in Sources */ = {isa = PBXBuildFile; fileRef = 2F0AE3A42ACD043F001F4405 /* AnimeWatchingButton.swift */; };
		2F0AE3A72ACD203E001F4405 /* usuarioData.swift in Sources */ = {isa = PBXBuildFile; fileRef = 2F0AE3A62ACD203E001F4405 /* usuarioData.swift */; };
		2F100CE02AD1B043009C0654 /* UserWatchingView.swift in Sources */ = {isa = PBXBuildFile; fileRef = 2F100CDF2AD1B043009C0654 /* UserWatchingView.swift */; };
		2F3A73732ACE518B006BA7D9 /* FavoriteButtonView.swift in Sources */ = {isa = PBXBuildFile; fileRef = 2F3A73722ACE518B006BA7D9 /* FavoriteButtonView.swift */; };
		2F40BDBA2AD1D78A0065ADCC /* AccountViewModel.swift in Sources */ = {isa = PBXBuildFile; fileRef = 2F40BDB92AD1D78A0065ADCC /* AccountViewModel.swift */; };
		2F40BDBC2AD1EB3D0065ADCC /* SignInView.swift in Sources */ = {isa = PBXBuildFile; fileRef = 2F40BDBB2AD1EB3D0065ADCC /* SignInView.swift */; };
		2F40BDBE2AD20EFC0065ADCC /* SignUpView.swift in Sources */ = {isa = PBXBuildFile; fileRef = 2F40BDBD2AD20EFC0065ADCC /* SignUpView.swift */; };
		2F40BDC02AD2468E0065ADCC /* WelcomeScreeView.swift in Sources */ = {isa = PBXBuildFile; fileRef = 2F40BDBF2AD2468E0065ADCC /* WelcomeScreeView.swift */; };
		2F40BDC22AD248850065ADCC /* AboutView.swift in Sources */ = {isa = PBXBuildFile; fileRef = 2F40BDC12AD248850065ADCC /* AboutView.swift */; };
		2F40BDC42AD24E6A0065ADCC /* SignOutConfirmationView.swift in Sources */ = {isa = PBXBuildFile; fileRef = 2F40BDC32AD24E6A0065ADCC /* SignOutConfirmationView.swift */; };
		2F458D0B2AD38F4600F337D2 /* DataBaseViewModel.swift in Sources */ = {isa = PBXBuildFile; fileRef = 2F458D0A2AD38F4600F337D2 /* DataBaseViewModel.swift */; };
		2F458D0D2AD4D0B400F337D2 /* TopTenView.swift in Sources */ = {isa = PBXBuildFile; fileRef = 2F458D0C2AD4D0B400F337D2 /* TopTenView.swift */; };
		2F458D102AD4D0DC00F337D2 /* AnimeTopViewByWatchingStatus.swift in Sources */ = {isa = PBXBuildFile; fileRef = 2F458D0F2AD4D0DC00F337D2 /* AnimeTopViewByWatchingStatus.swift */; };
		2F458D122AD4F28300F337D2 /* AnimeViewModel.swift in Sources */ = {isa = PBXBuildFile; fileRef = 2F458D112AD4F28300F337D2 /* AnimeViewModel.swift */; };
		2F5F37452ACA4982002A752C /* RandomCharacterView.swift in Sources */ = {isa = PBXBuildFile; fileRef = 2F5F37442ACA4982002A752C /* RandomCharacterView.swift */; };
		2F5F37472ACA51A4002A752C /* CharacterAnimeListView.swift in Sources */ = {isa = PBXBuildFile; fileRef = 2F5F37462ACA51A4002A752C /* CharacterAnimeListView.swift */; };
		2F5F37492ACA69CD002A752C /* SearchTextField.swift in Sources */ = {isa = PBXBuildFile; fileRef = 2F5F37482ACA69CD002A752C /* SearchTextField.swift */; };
		2F5F374C2ACA6C85002A752C /* SearchView.swift in Sources */ = {isa = PBXBuildFile; fileRef = 2F5F374B2ACA6C85002A752C /* SearchView.swift */; };
		2F6046EB2AC8A290000EDFCF /* DiscoverView.swift in Sources */ = {isa = PBXBuildFile; fileRef = 2F6046EA2AC8A290000EDFCF /* DiscoverView.swift */; };
		2F6046ED2AC8AC53000EDFCF /* DataCharacter.swift in Sources */ = {isa = PBXBuildFile; fileRef = 2F6046EC2AC8AC53000EDFCF /* DataCharacter.swift */; };
		2F6046EF2AC8AEA8000EDFCF /* TopCharactersView.swift in Sources */ = {isa = PBXBuildFile; fileRef = 2F6046EE2AC8AEA8000EDFCF /* TopCharactersView.swift */; };
		2F7A4EDA2AC88B8600D4F2E8 /* Anime_LandiaApp.swift in Sources */ = {isa = PBXBuildFile; fileRef = 2F7A4ED92AC88B8600D4F2E8 /* Anime_LandiaApp.swift */; };
		2F7A4EDC2AC88B8600D4F2E8 /* topAnimeView.swift in Sources */ = {isa = PBXBuildFile; fileRef = 2F7A4EDB2AC88B8600D4F2E8 /* topAnimeView.swift */; };
		2F7A4EDE2AC88B8800D4F2E8 /* Assets.xcassets in Resources */ = {isa = PBXBuildFile; fileRef = 2F7A4EDD2AC88B8800D4F2E8 /* Assets.xcassets */; };
		2F7A4EE22AC88B8800D4F2E8 /* Preview Assets.xcassets in Resources */ = {isa = PBXBuildFile; fileRef = 2F7A4EE12AC88B8800D4F2E8 /* Preview Assets.xcassets */; };
		2F7A4EEC2AC88B8800D4F2E8 /* Anime_LandiaTests.swift in Sources */ = {isa = PBXBuildFile; fileRef = 2F7A4EEB2AC88B8800D4F2E8 /* Anime_LandiaTests.swift */; };
		2F7A4EF62AC88B8800D4F2E8 /* Anime_LandiaUITests.swift in Sources */ = {isa = PBXBuildFile; fileRef = 2F7A4EF52AC88B8800D4F2E8 /* Anime_LandiaUITests.swift */; };
		2F7A4EF82AC88B8800D4F2E8 /* Anime_LandiaUITestsLaunchTests.swift in Sources */ = {isa = PBXBuildFile; fileRef = 2F7A4EF72AC88B8800D4F2E8 /* Anime_LandiaUITestsLaunchTests.swift */; };
		2F7A4F052AC88BB200D4F2E8 /* DataAnime.swift in Sources */ = {isa = PBXBuildFile; fileRef = 2F7A4F042AC88BB200D4F2E8 /* DataAnime.swift */; };
		2F7A4F0A2AC896F800D4F2E8 /* SDWebImageSwiftUI in Frameworks */ = {isa = PBXBuildFile; productRef = 2F7A4F092AC896F800D4F2E8 /* SDWebImageSwiftUI */; };
		2FE2CC622AC8BEBF00E4E1C1 /* AnimeDetailsView.swift in Sources */ = {isa = PBXBuildFile; fileRef = 2FE2CC612AC8BEBF00E4E1C1 /* AnimeDetailsView.swift */; };
		2FE2CC642AC8DE1F00E4E1C1 /* StreamingDetailsView.swift in Sources */ = {isa = PBXBuildFile; fileRef = 2FE2CC632AC8DE1F00E4E1C1 /* StreamingDetailsView.swift */; };
		2FE2CC662AC8ECCE00E4E1C1 /* TrailerVideoView.swift in Sources */ = {isa = PBXBuildFile; fileRef = 2FE2CC652AC8ECCE00E4E1C1 /* TrailerVideoView.swift */; };
		2FE2CC692AC8ED4E00E4E1C1 /* YouTubePlayerKit in Frameworks */ = {isa = PBXBuildFile; productRef = 2FE2CC682AC8ED4E00E4E1C1 /* YouTubePlayerKit */; };
		2FE2CC6B2AC8F0C300E4E1C1 /* TabBarMenu.swift in Sources */ = {isa = PBXBuildFile; fileRef = 2FE2CC6A2AC8F0C200E4E1C1 /* TabBarMenu.swift */; };
		2FE2CC6F2AC8F59900E4E1C1 /* CharacterDetailsView.swift in Sources */ = {isa = PBXBuildFile; fileRef = 2FE2CC6E2AC8F59900E4E1C1 /* CharacterDetailsView.swift */; };
		2FE2CC712AC8FBE200E4E1C1 /* HelpersFunctions.swift in Sources */ = {isa = PBXBuildFile; fileRef = 2FE2CC702AC8FBE200E4E1C1 /* HelpersFunctions.swift */; };
		2FE2CC752AC90B5900E4E1C1 /* HomeView.swift in Sources */ = {isa = PBXBuildFile; fileRef = 2FE2CC742AC90B5900E4E1C1 /* HomeView.swift */; };
		2FE2CC782AC90FBA00E4E1C1 /* RandomAnimeView.swift in Sources */ = {isa = PBXBuildFile; fileRef = 2FE2CC772AC90FBA00E4E1C1 /* RandomAnimeView.swift */; };
		2FFE54A72AD795FA00F4C97A /* FriendsView.swift in Sources */ = {isa = PBXBuildFile; fileRef = 2FFE54A62AD795FA00F4C97A /* FriendsView.swift */; };
/* End PBXBuildFile section */

/* Begin PBXContainerItemProxy section */
		2F7A4EE82AC88B8800D4F2E8 /* PBXContainerItemProxy */ = {
			isa = PBXContainerItemProxy;
			containerPortal = 2F7A4ECE2AC88B8600D4F2E8 /* Project object */;
			proxyType = 1;
			remoteGlobalIDString = 2F7A4ED52AC88B8600D4F2E8;
			remoteInfo = "Anime Landia";
		};
		2F7A4EF22AC88B8800D4F2E8 /* PBXContainerItemProxy */ = {
			isa = PBXContainerItemProxy;
			containerPortal = 2F7A4ECE2AC88B8600D4F2E8 /* Project object */;
			proxyType = 1;
			remoteGlobalIDString = 2F7A4ED52AC88B8600D4F2E8;
			remoteInfo = "Anime Landia";
		};
/* End PBXContainerItemProxy section */

/* Begin PBXFileReference section */
		2F016FFC2ADAC1F800070FAA /* AddNewFriendView.swift */ = {isa = PBXFileReference; lastKnownFileType = sourcecode.swift; path = AddNewFriendView.swift; sourceTree = "<group>"; };
		2F016FFE2ADADB6500070FAA /* ratingView.swift */ = {isa = PBXFileReference; lastKnownFileType = sourcecode.swift; path = ratingView.swift; sourceTree = "<group>"; };
		2F0170002ADAF92800070FAA /* AnimeRatingDetailsView.swift */ = {isa = PBXFileReference; lastKnownFileType = sourcecode.swift; path = AnimeRatingDetailsView.swift; sourceTree = "<group>"; };
		2F06C95D2AD1057400BF5932 /* userFavoritesView.swift */ = {isa = PBXFileReference; lastKnownFileType = sourcecode.swift; path = userFavoritesView.swift; sourceTree = "<group>"; };
		2F0AE3A22ACCFD0A001F4405 /* AccountView.swift */ = {isa = PBXFileReference; lastKnownFileType = sourcecode.swift; path = AccountView.swift; sourceTree = "<group>"; };
		2F0AE3A42ACD043F001F4405 /* AnimeWatchingButton.swift */ = {isa = PBXFileReference; lastKnownFileType = sourcecode.swift; path = AnimeWatchingButton.swift; sourceTree = "<group>"; };
		2F0AE3A62ACD203E001F4405 /* usuarioData.swift */ = {isa = PBXFileReference; lastKnownFileType = sourcecode.swift; path = usuarioData.swift; sourceTree = "<group>"; };
		2F100CDF2AD1B043009C0654 /* UserWatchingView.swift */ = {isa = PBXFileReference; lastKnownFileType = sourcecode.swift; path = UserWatchingView.swift; sourceTree = "<group>"; };
		2F3A73722ACE518B006BA7D9 /* FavoriteButtonView.swift */ = {isa = PBXFileReference; lastKnownFileType = sourcecode.swift; path = FavoriteButtonView.swift; sourceTree = "<group>"; };
		2F40BDB92AD1D78A0065ADCC /* AccountViewModel.swift */ = {isa = PBXFileReference; lastKnownFileType = sourcecode.swift; path = AccountViewModel.swift; sourceTree = "<group>"; };
		2F40BDBB2AD1EB3D0065ADCC /* SignInView.swift */ = {isa = PBXFileReference; lastKnownFileType = sourcecode.swift; path = SignInView.swift; sourceTree = "<group>"; };
		2F40BDBD2AD20EFC0065ADCC /* SignUpView.swift */ = {isa = PBXFileReference; lastKnownFileType = sourcecode.swift; path = SignUpView.swift; sourceTree = "<group>"; };
		2F40BDBF2AD2468E0065ADCC /* WelcomeScreeView.swift */ = {isa = PBXFileReference; lastKnownFileType = sourcecode.swift; path = WelcomeScreeView.swift; sourceTree = "<group>"; };
		2F40BDC12AD248850065ADCC /* AboutView.swift */ = {isa = PBXFileReference; lastKnownFileType = sourcecode.swift; path = AboutView.swift; sourceTree = "<group>"; };
		2F40BDC32AD24E6A0065ADCC /* SignOutConfirmationView.swift */ = {isa = PBXFileReference; lastKnownFileType = sourcecode.swift; path = SignOutConfirmationView.swift; sourceTree = "<group>"; };
		2F458D0A2AD38F4600F337D2 /* DataBaseViewModel.swift */ = {isa = PBXFileReference; lastKnownFileType = sourcecode.swift; path = DataBaseViewModel.swift; sourceTree = "<group>"; };
		2F458D0C2AD4D0B400F337D2 /* TopTenView.swift */ = {isa = PBXFileReference; lastKnownFileType = sourcecode.swift; path = TopTenView.swift; sourceTree = "<group>"; };
		2F458D0F2AD4D0DC00F337D2 /* AnimeTopViewByWatchingStatus.swift */ = {isa = PBXFileReference; lastKnownFileType = sourcecode.swift; path = AnimeTopViewByWatchingStatus.swift; sourceTree = "<group>"; };
		2F458D112AD4F28300F337D2 /* AnimeViewModel.swift */ = {isa = PBXFileReference; lastKnownFileType = sourcecode.swift; path = AnimeViewModel.swift; sourceTree = "<group>"; };
		2F5F37442ACA4982002A752C /* RandomCharacterView.swift */ = {isa = PBXFileReference; lastKnownFileType = sourcecode.swift; path = RandomCharacterView.swift; sourceTree = "<group>"; };
		2F5F37462ACA51A4002A752C /* CharacterAnimeListView.swift */ = {isa = PBXFileReference; lastKnownFileType = sourcecode.swift; path = CharacterAnimeListView.swift; sourceTree = "<group>"; };
		2F5F37482ACA69CD002A752C /* SearchTextField.swift */ = {isa = PBXFileReference; lastKnownFileType = sourcecode.swift; path = SearchTextField.swift; sourceTree = "<group>"; };
		2F5F374B2ACA6C85002A752C /* SearchView.swift */ = {isa = PBXFileReference; lastKnownFileType = sourcecode.swift; path = SearchView.swift; sourceTree = "<group>"; };
		2F6046EA2AC8A290000EDFCF /* DiscoverView.swift */ = {isa = PBXFileReference; lastKnownFileType = sourcecode.swift; path = DiscoverView.swift; sourceTree = "<group>"; };
		2F6046EC2AC8AC53000EDFCF /* DataCharacter.swift */ = {isa = PBXFileReference; lastKnownFileType = sourcecode.swift; path = DataCharacter.swift; sourceTree = "<group>"; };
		2F6046EE2AC8AEA8000EDFCF /* TopCharactersView.swift */ = {isa = PBXFileReference; lastKnownFileType = sourcecode.swift; path = TopCharactersView.swift; sourceTree = "<group>"; };
		2F7A4ED62AC88B8600D4F2E8 /* AnimeTracker Pro.app */ = {isa = PBXFileReference; explicitFileType = wrapper.application; includeInIndex = 0; path = "AnimeTracker Pro.app"; sourceTree = BUILT_PRODUCTS_DIR; };
		2F7A4ED92AC88B8600D4F2E8 /* Anime_LandiaApp.swift */ = {isa = PBXFileReference; lastKnownFileType = sourcecode.swift; path = Anime_LandiaApp.swift; sourceTree = "<group>"; };
		2F7A4EDB2AC88B8600D4F2E8 /* topAnimeView.swift */ = {isa = PBXFileReference; lastKnownFileType = sourcecode.swift; path = topAnimeView.swift; sourceTree = "<group>"; };
		2F7A4EDD2AC88B8800D4F2E8 /* Assets.xcassets */ = {isa = PBXFileReference; lastKnownFileType = folder.assetcatalog; path = Assets.xcassets; sourceTree = "<group>"; };
		2F7A4EDF2AC88B8800D4F2E8 /* Anime_Landia.entitlements */ = {isa = PBXFileReference; lastKnownFileType = text.plist.entitlements; path = Anime_Landia.entitlements; sourceTree = "<group>"; };
		2F7A4EE12AC88B8800D4F2E8 /* Preview Assets.xcassets */ = {isa = PBXFileReference; lastKnownFileType = folder.assetcatalog; path = "Preview Assets.xcassets"; sourceTree = "<group>"; };
		2F7A4EE72AC88B8800D4F2E8 /* AnimeTracker ProTests.xctest */ = {isa = PBXFileReference; explicitFileType = wrapper.cfbundle; includeInIndex = 0; path = "AnimeTracker ProTests.xctest"; sourceTree = BUILT_PRODUCTS_DIR; };
		2F7A4EEB2AC88B8800D4F2E8 /* Anime_LandiaTests.swift */ = {isa = PBXFileReference; lastKnownFileType = sourcecode.swift; path = Anime_LandiaTests.swift; sourceTree = "<group>"; };
		2F7A4EF12AC88B8800D4F2E8 /* AnimeTracker ProUITests.xctest */ = {isa = PBXFileReference; explicitFileType = wrapper.cfbundle; includeInIndex = 0; path = "AnimeTracker ProUITests.xctest"; sourceTree = BUILT_PRODUCTS_DIR; };
		2F7A4EF52AC88B8800D4F2E8 /* Anime_LandiaUITests.swift */ = {isa = PBXFileReference; lastKnownFileType = sourcecode.swift; path = Anime_LandiaUITests.swift; sourceTree = "<group>"; };
		2F7A4EF72AC88B8800D4F2E8 /* Anime_LandiaUITestsLaunchTests.swift */ = {isa = PBXFileReference; lastKnownFileType = sourcecode.swift; path = Anime_LandiaUITestsLaunchTests.swift; sourceTree = "<group>"; };
		2F7A4F042AC88BB200D4F2E8 /* DataAnime.swift */ = {isa = PBXFileReference; lastKnownFileType = sourcecode.swift; path = DataAnime.swift; sourceTree = "<group>"; };
		2FE2CC612AC8BEBF00E4E1C1 /* AnimeDetailsView.swift */ = {isa = PBXFileReference; lastKnownFileType = sourcecode.swift; path = AnimeDetailsView.swift; sourceTree = "<group>"; };
		2FE2CC632AC8DE1F00E4E1C1 /* StreamingDetailsView.swift */ = {isa = PBXFileReference; lastKnownFileType = sourcecode.swift; path = StreamingDetailsView.swift; sourceTree = "<group>"; };
		2FE2CC652AC8ECCE00E4E1C1 /* TrailerVideoView.swift */ = {isa = PBXFileReference; lastKnownFileType = sourcecode.swift; path = TrailerVideoView.swift; sourceTree = "<group>"; };
		2FE2CC6A2AC8F0C200E4E1C1 /* TabBarMenu.swift */ = {isa = PBXFileReference; lastKnownFileType = sourcecode.swift; path = TabBarMenu.swift; sourceTree = "<group>"; };
		2FE2CC6E2AC8F59900E4E1C1 /* CharacterDetailsView.swift */ = {isa = PBXFileReference; lastKnownFileType = sourcecode.swift; path = CharacterDetailsView.swift; sourceTree = "<group>"; };
		2FE2CC702AC8FBE200E4E1C1 /* HelpersFunctions.swift */ = {isa = PBXFileReference; lastKnownFileType = sourcecode.swift; path = HelpersFunctions.swift; sourceTree = "<group>"; };
		2FE2CC742AC90B5900E4E1C1 /* HomeView.swift */ = {isa = PBXFileReference; lastKnownFileType = sourcecode.swift; path = HomeView.swift; sourceTree = "<group>"; };
		2FE2CC772AC90FBA00E4E1C1 /* RandomAnimeView.swift */ = {isa = PBXFileReference; lastKnownFileType = sourcecode.swift; path = RandomAnimeView.swift; sourceTree = "<group>"; };
		2FFE54A62AD795FA00F4C97A /* FriendsView.swift */ = {isa = PBXFileReference; lastKnownFileType = sourcecode.swift; path = FriendsView.swift; sourceTree = "<group>"; };
/* End PBXFileReference section */

/* Begin PBXFrameworksBuildPhase section */
		2F7A4ED32AC88B8600D4F2E8 /* Frameworks */ = {
			isa = PBXFrameworksBuildPhase;
			buildActionMask = 2147483647;
			files = (
				2FE2CC692AC8ED4E00E4E1C1 /* YouTubePlayerKit in Frameworks */,
				2F7A4F0A2AC896F800D4F2E8 /* SDWebImageSwiftUI in Frameworks */,
			);
			runOnlyForDeploymentPostprocessing = 0;
		};
		2F7A4EE42AC88B8800D4F2E8 /* Frameworks */ = {
			isa = PBXFrameworksBuildPhase;
			buildActionMask = 2147483647;
			files = (
			);
			runOnlyForDeploymentPostprocessing = 0;
		};
		2F7A4EEE2AC88B8800D4F2E8 /* Frameworks */ = {
			isa = PBXFrameworksBuildPhase;
			buildActionMask = 2147483647;
			files = (
			);
			runOnlyForDeploymentPostprocessing = 0;
		};
/* End PBXFrameworksBuildPhase section */

/* Begin PBXGroup section */
		2F0AE3A12ACCFCC2001F4405 /* Account */ = {
			isa = PBXGroup;
			children = (
				2FFE54A82AD7960100F4C97A /* Friends */,
				2F0AE3A22ACCFD0A001F4405 /* AccountView.swift */,
				2F40BDC32AD24E6A0065ADCC /* SignOutConfirmationView.swift */,
				2F0AE3A42ACD043F001F4405 /* AnimeWatchingButton.swift */,
				2F0AE3A62ACD203E001F4405 /* usuarioData.swift */,
				2F40BDB92AD1D78A0065ADCC /* AccountViewModel.swift */,
				2F3A73722ACE518B006BA7D9 /* FavoriteButtonView.swift */,
				2F06C95D2AD1057400BF5932 /* userFavoritesView.swift */,
				2F100CDF2AD1B043009C0654 /* UserWatchingView.swift */,
				2F40BDBB2AD1EB3D0065ADCC /* SignInView.swift */,
				2F40BDBD2AD20EFC0065ADCC /* SignUpView.swift */,
			);
			path = Account;
			sourceTree = "<group>";
		};
		2F458D0E2AD4D0C400F337D2 /* Top10 */ = {
			isa = PBXGroup;
			children = (
				2F458D0C2AD4D0B400F337D2 /* TopTenView.swift */,
				2F458D0F2AD4D0DC00F337D2 /* AnimeTopViewByWatchingStatus.swift */,
			);
			path = Top10;
			sourceTree = "<group>";
		};
		2F5F374A2ACA6BDC002A752C /* Search */ = {
			isa = PBXGroup;
			children = (
				2F5F37482ACA69CD002A752C /* SearchTextField.swift */,
				2F5F374B2ACA6C85002A752C /* SearchView.swift */,
			);
			path = Search;
			sourceTree = "<group>";
		};
		2F7A4ECD2AC88B8600D4F2E8 = {
			isa = PBXGroup;
			children = (
				2F7A4ED82AC88B8600D4F2E8 /* Anime Landia */,
				2F7A4EEA2AC88B8800D4F2E8 /* Anime LandiaTests */,
				2F7A4EF42AC88B8800D4F2E8 /* Anime LandiaUITests */,
				2F7A4ED72AC88B8600D4F2E8 /* Products */,
			);
			sourceTree = "<group>";
		};
		2F7A4ED72AC88B8600D4F2E8 /* Products */ = {
			isa = PBXGroup;
			children = (
				2F7A4ED62AC88B8600D4F2E8 /* AnimeTracker Pro.app */,
				2F7A4EE72AC88B8800D4F2E8 /* AnimeTracker ProTests.xctest */,
				2F7A4EF12AC88B8800D4F2E8 /* AnimeTracker ProUITests.xctest */,
			);
			name = Products;
			sourceTree = "<group>";
		};
		2F7A4ED82AC88B8600D4F2E8 /* Anime Landia */ = {
			isa = PBXGroup;
			children = (
				2F7A4ED92AC88B8600D4F2E8 /* Anime_LandiaApp.swift */,
				2FE2CC6A2AC8F0C200E4E1C1 /* TabBarMenu.swift */,
				2FE2CC702AC8FBE200E4E1C1 /* HelpersFunctions.swift */,
				2F40BDBF2AD2468E0065ADCC /* WelcomeScreeView.swift */,
				2F458D0A2AD38F4600F337D2 /* DataBaseViewModel.swift */,
				2F40BDC12AD248850065ADCC /* AboutView.swift */,
				2F458D0E2AD4D0C400F337D2 /* Top10 */,
				2F0AE3A12ACCFCC2001F4405 /* Account */,
				2F5F374A2ACA6BDC002A752C /* Search */,
				2FE2CC762AC90F6D00E4E1C1 /* Home */,
				2FE2CC602AC8BE9A00E4E1C1 /* Discover */,
				2FE2CC6C2AC8F47300E4E1C1 /* Anime */,
				2FE2CC6D2AC8F58700E4E1C1 /* Character */,
				2F7A4EDD2AC88B8800D4F2E8 /* Assets.xcassets */,
				2F7A4EDF2AC88B8800D4F2E8 /* Anime_Landia.entitlements */,
				2F7A4EE02AC88B8800D4F2E8 /* Preview Content */,
			);
			path = "Anime Landia";
			sourceTree = "<group>";
		};
		2F7A4EE02AC88B8800D4F2E8 /* Preview Content */ = {
			isa = PBXGroup;
			children = (
				2F7A4EE12AC88B8800D4F2E8 /* Preview Assets.xcassets */,
			);
			path = "Preview Content";
			sourceTree = "<group>";
		};
		2F7A4EEA2AC88B8800D4F2E8 /* Anime LandiaTests */ = {
			isa = PBXGroup;
			children = (
				2F7A4EEB2AC88B8800D4F2E8 /* Anime_LandiaTests.swift */,
			);
			path = "Anime LandiaTests";
			sourceTree = "<group>";
		};
		2F7A4EF42AC88B8800D4F2E8 /* Anime LandiaUITests */ = {
			isa = PBXGroup;
			children = (
				2F7A4EF52AC88B8800D4F2E8 /* Anime_LandiaUITests.swift */,
				2F7A4EF72AC88B8800D4F2E8 /* Anime_LandiaUITestsLaunchTests.swift */,
			);
			path = "Anime LandiaUITests";
			sourceTree = "<group>";
		};
		2FE2CC602AC8BE9A00E4E1C1 /* Discover */ = {
			isa = PBXGroup;
			children = (
				2F7A4EDB2AC88B8600D4F2E8 /* topAnimeView.swift */,
				2F6046EE2AC8AEA8000EDFCF /* TopCharactersView.swift */,
				2F6046EA2AC8A290000EDFCF /* DiscoverView.swift */,
			);
			path = Discover;
			sourceTree = "<group>";
		};
		2FE2CC6C2AC8F47300E4E1C1 /* Anime */ = {
			isa = PBXGroup;
			children = (
				2FE2CC612AC8BEBF00E4E1C1 /* AnimeDetailsView.swift */,
				2FE2CC652AC8ECCE00E4E1C1 /* TrailerVideoView.swift */,
				2FE2CC632AC8DE1F00E4E1C1 /* StreamingDetailsView.swift */,
				2F7A4F042AC88BB200D4F2E8 /* DataAnime.swift */,
				2F458D112AD4F28300F337D2 /* AnimeViewModel.swift */,
				2F0170002ADAF92800070FAA /* AnimeRatingDetailsView.swift */,
				2F016FFE2ADADB6500070FAA /* ratingView.swift */,
			);
			path = Anime;
			sourceTree = "<group>";
		};
		2FE2CC6D2AC8F58700E4E1C1 /* Character */ = {
			isa = PBXGroup;
			children = (
				2F6046EC2AC8AC53000EDFCF /* DataCharacter.swift */,
				2FE2CC6E2AC8F59900E4E1C1 /* CharacterDetailsView.swift */,
				2F5F37462ACA51A4002A752C /* CharacterAnimeListView.swift */,
			);
			path = Character;
			sourceTree = "<group>";
		};
		2FE2CC762AC90F6D00E4E1C1 /* Home */ = {
			isa = PBXGroup;
			children = (
				2FE2CC742AC90B5900E4E1C1 /* HomeView.swift */,
				2FE2CC772AC90FBA00E4E1C1 /* RandomAnimeView.swift */,
				2F5F37442ACA4982002A752C /* RandomCharacterView.swift */,
			);
			path = Home;
			sourceTree = "<group>";
		};
		2FFE54A82AD7960100F4C97A /* Friends */ = {
			isa = PBXGroup;
			children = (
				2FFE54A62AD795FA00F4C97A /* FriendsView.swift */,
				2F016FFC2ADAC1F800070FAA /* AddNewFriendView.swift */,
			);
			path = Friends;
			sourceTree = "<group>";
		};
/* End PBXGroup section */

/* Begin PBXNativeTarget section */
		2F7A4ED52AC88B8600D4F2E8 /* AnimeTracker Pro */ = {
			isa = PBXNativeTarget;
			buildConfigurationList = 2F7A4EFB2AC88B8800D4F2E8 /* Build configuration list for PBXNativeTarget "AnimeTracker Pro" */;
			buildPhases = (
				2F7A4ED22AC88B8600D4F2E8 /* Sources */,
				2F7A4ED32AC88B8600D4F2E8 /* Frameworks */,
				2F7A4ED42AC88B8600D4F2E8 /* Resources */,
			);
			buildRules = (
			);
			dependencies = (
			);
			name = "AnimeTracker Pro";
			packageProductDependencies = (
				2F7A4F092AC896F800D4F2E8 /* SDWebImageSwiftUI */,
				2FE2CC682AC8ED4E00E4E1C1 /* YouTubePlayerKit */,
			);
			productName = "Anime Landia";
			productReference = 2F7A4ED62AC88B8600D4F2E8 /* AnimeTracker Pro.app */;
			productType = "com.apple.product-type.application";
		};
		2F7A4EE62AC88B8800D4F2E8 /* AnimeTracker ProTests */ = {
			isa = PBXNativeTarget;
			buildConfigurationList = 2F7A4EFE2AC88B8800D4F2E8 /* Build configuration list for PBXNativeTarget "AnimeTracker ProTests" */;
			buildPhases = (
				2F7A4EE32AC88B8800D4F2E8 /* Sources */,
				2F7A4EE42AC88B8800D4F2E8 /* Frameworks */,
				2F7A4EE52AC88B8800D4F2E8 /* Resources */,
			);
			buildRules = (
			);
			dependencies = (
				2F7A4EE92AC88B8800D4F2E8 /* PBXTargetDependency */,
			);
			name = "AnimeTracker ProTests";
			productName = "Anime LandiaTests";
			productReference = 2F7A4EE72AC88B8800D4F2E8 /* AnimeTracker ProTests.xctest */;
			productType = "com.apple.product-type.bundle.unit-test";
		};
		2F7A4EF02AC88B8800D4F2E8 /* AnimeTracker ProUITests */ = {
			isa = PBXNativeTarget;
			buildConfigurationList = 2F7A4F012AC88B8800D4F2E8 /* Build configuration list for PBXNativeTarget "AnimeTracker ProUITests" */;
			buildPhases = (
				2F7A4EED2AC88B8800D4F2E8 /* Sources */,
				2F7A4EEE2AC88B8800D4F2E8 /* Frameworks */,
				2F7A4EEF2AC88B8800D4F2E8 /* Resources */,
			);
			buildRules = (
			);
			dependencies = (
				2F7A4EF32AC88B8800D4F2E8 /* PBXTargetDependency */,
			);
			name = "AnimeTracker ProUITests";
			productName = "Anime LandiaUITests";
			productReference = 2F7A4EF12AC88B8800D4F2E8 /* AnimeTracker ProUITests.xctest */;
			productType = "com.apple.product-type.bundle.ui-testing";
		};
/* End PBXNativeTarget section */

/* Begin PBXProject section */
		2F7A4ECE2AC88B8600D4F2E8 /* Project object */ = {
			isa = PBXProject;
			attributes = {
				BuildIndependentTargetsInParallel = 1;
				LastSwiftUpdateCheck = 1500;
				LastUpgradeCheck = 1500;
				TargetAttributes = {
					2F7A4ED52AC88B8600D4F2E8 = {
						CreatedOnToolsVersion = 15.0;
					};
					2F7A4EE62AC88B8800D4F2E8 = {
						CreatedOnToolsVersion = 15.0;
						TestTargetID = 2F7A4ED52AC88B8600D4F2E8;
					};
					2F7A4EF02AC88B8800D4F2E8 = {
						CreatedOnToolsVersion = 15.0;
						TestTargetID = 2F7A4ED52AC88B8600D4F2E8;
					};
				};
			};
			buildConfigurationList = 2F7A4ED12AC88B8600D4F2E8 /* Build configuration list for PBXProject "AnimeTracker Pro" */;
			compatibilityVersion = "Xcode 14.0";
			developmentRegion = en;
			hasScannedForEncodings = 0;
			knownRegions = (
				en,
				Base,
			);
			mainGroup = 2F7A4ECD2AC88B8600D4F2E8;
			packageReferences = (
				2F7A4F082AC896F800D4F2E8 /* XCRemoteSwiftPackageReference "SDWebImageSwiftUI" */,
				2FE2CC672AC8ED4E00E4E1C1 /* XCRemoteSwiftPackageReference "YouTubePlayerKit" */,
			);
			productRefGroup = 2F7A4ED72AC88B8600D4F2E8 /* Products */;
			projectDirPath = "";
			projectRoot = "";
			targets = (
				2F7A4ED52AC88B8600D4F2E8 /* AnimeTracker Pro */,
				2F7A4EE62AC88B8800D4F2E8 /* AnimeTracker ProTests */,
				2F7A4EF02AC88B8800D4F2E8 /* AnimeTracker ProUITests */,
			);
		};
/* End PBXProject section */

/* Begin PBXResourcesBuildPhase section */
		2F7A4ED42AC88B8600D4F2E8 /* Resources */ = {
			isa = PBXResourcesBuildPhase;
			buildActionMask = 2147483647;
			files = (
				2F7A4EE22AC88B8800D4F2E8 /* Preview Assets.xcassets in Resources */,
				2F7A4EDE2AC88B8800D4F2E8 /* Assets.xcassets in Resources */,
			);
			runOnlyForDeploymentPostprocessing = 0;
		};
		2F7A4EE52AC88B8800D4F2E8 /* Resources */ = {
			isa = PBXResourcesBuildPhase;
			buildActionMask = 2147483647;
			files = (
			);
			runOnlyForDeploymentPostprocessing = 0;
		};
		2F7A4EEF2AC88B8800D4F2E8 /* Resources */ = {
			isa = PBXResourcesBuildPhase;
			buildActionMask = 2147483647;
			files = (
			);
			runOnlyForDeploymentPostprocessing = 0;
		};
/* End PBXResourcesBuildPhase section */

/* Begin PBXSourcesBuildPhase section */
		2F7A4ED22AC88B8600D4F2E8 /* Sources */ = {
			isa = PBXSourcesBuildPhase;
			buildActionMask = 2147483647;
			files = (
				2FFE54A72AD795FA00F4C97A /* FriendsView.swift in Sources */,
				2F458D102AD4D0DC00F337D2 /* AnimeTopViewByWatchingStatus.swift in Sources */,
				2F458D0D2AD4D0B400F337D2 /* TopTenView.swift in Sources */,
				2F100CE02AD1B043009C0654 /* UserWatchingView.swift in Sources */,
				2F6046EF2AC8AEA8000EDFCF /* TopCharactersView.swift in Sources */,
				2F5F374C2ACA6C85002A752C /* SearchView.swift in Sources */,
				2F40BDC22AD248850065ADCC /* AboutView.swift in Sources */,
				2F06C95E2AD1057400BF5932 /* userFavoritesView.swift in Sources */,
				2F3A73732ACE518B006BA7D9 /* FavoriteButtonView.swift in Sources */,
				2FE2CC782AC90FBA00E4E1C1 /* RandomAnimeView.swift in Sources */,
				2F40BDBA2AD1D78A0065ADCC /* AccountViewModel.swift in Sources */,
				2F0AE3A52ACD043F001F4405 /* AnimeWatchingButton.swift in Sources */,
				2F40BDC42AD24E6A0065ADCC /* SignOutConfirmationView.swift in Sources */,
				2F7A4F052AC88BB200D4F2E8 /* DataAnime.swift in Sources */,
				2F6046ED2AC8AC53000EDFCF /* DataCharacter.swift in Sources */,
				2F40BDC02AD2468E0065ADCC /* WelcomeScreeView.swift in Sources */,
				2FE2CC752AC90B5900E4E1C1 /* HomeView.swift in Sources */,
				2F7A4EDC2AC88B8600D4F2E8 /* topAnimeView.swift in Sources */,
				2F40BDBC2AD1EB3D0065ADCC /* SignInView.swift in Sources */,
				2FE2CC6B2AC8F0C300E4E1C1 /* TabBarMenu.swift in Sources */,
				2F458D122AD4F28300F337D2 /* AnimeViewModel.swift in Sources */,
				2FE2CC622AC8BEBF00E4E1C1 /* AnimeDetailsView.swift in Sources */,
				2FE2CC642AC8DE1F00E4E1C1 /* StreamingDetailsView.swift in Sources */,
				2F40BDBE2AD20EFC0065ADCC /* SignUpView.swift in Sources */,
				2FE2CC712AC8FBE200E4E1C1 /* HelpersFunctions.swift in Sources */,
				2F5F37492ACA69CD002A752C /* SearchTextField.swift in Sources */,
				2F5F37472ACA51A4002A752C /* CharacterAnimeListView.swift in Sources */,
				2F016FFD2ADAC1F800070FAA /* AddNewFriendView.swift in Sources */,
				2F0AE3A32ACCFD0A001F4405 /* AccountView.swift in Sources */,
				2F0170012ADAF92800070FAA /* AnimeRatingDetailsView.swift in Sources */,
				2F0AE3A72ACD203E001F4405 /* usuarioData.swift in Sources */,
				2F458D0B2AD38F4600F337D2 /* DataBaseViewModel.swift in Sources */,
				2FE2CC662AC8ECCE00E4E1C1 /* TrailerVideoView.swift in Sources */,
				2F016FFF2ADADB6500070FAA /* ratingView.swift in Sources */,
				2F7A4EDA2AC88B8600D4F2E8 /* Anime_LandiaApp.swift in Sources */,
				2F5F37452ACA4982002A752C /* RandomCharacterView.swift in Sources */,
				2F6046EB2AC8A290000EDFCF /* DiscoverView.swift in Sources */,
				2FE2CC6F2AC8F59900E4E1C1 /* CharacterDetailsView.swift in Sources */,
			);
			runOnlyForDeploymentPostprocessing = 0;
		};
		2F7A4EE32AC88B8800D4F2E8 /* Sources */ = {
			isa = PBXSourcesBuildPhase;
			buildActionMask = 2147483647;
			files = (
				2F7A4EEC2AC88B8800D4F2E8 /* Anime_LandiaTests.swift in Sources */,
			);
			runOnlyForDeploymentPostprocessing = 0;
		};
		2F7A4EED2AC88B8800D4F2E8 /* Sources */ = {
			isa = PBXSourcesBuildPhase;
			buildActionMask = 2147483647;
			files = (
				2F7A4EF82AC88B8800D4F2E8 /* Anime_LandiaUITestsLaunchTests.swift in Sources */,
				2F7A4EF62AC88B8800D4F2E8 /* Anime_LandiaUITests.swift in Sources */,
			);
			runOnlyForDeploymentPostprocessing = 0;
		};
/* End PBXSourcesBuildPhase section */

/* Begin PBXTargetDependency section */
		2F7A4EE92AC88B8800D4F2E8 /* PBXTargetDependency */ = {
			isa = PBXTargetDependency;
			target = 2F7A4ED52AC88B8600D4F2E8 /* AnimeTracker Pro */;
			targetProxy = 2F7A4EE82AC88B8800D4F2E8 /* PBXContainerItemProxy */;
		};
		2F7A4EF32AC88B8800D4F2E8 /* PBXTargetDependency */ = {
			isa = PBXTargetDependency;
			target = 2F7A4ED52AC88B8600D4F2E8 /* AnimeTracker Pro */;
			targetProxy = 2F7A4EF22AC88B8800D4F2E8 /* PBXContainerItemProxy */;
		};
/* End PBXTargetDependency section */

/* Begin XCBuildConfiguration section */
		2F7A4EF92AC88B8800D4F2E8 /* Debug */ = {
			isa = XCBuildConfiguration;
			buildSettings = {
				ALWAYS_SEARCH_USER_PATHS = NO;
				ASSETCATALOG_COMPILER_GENERATE_SWIFT_ASSET_SYMBOL_EXTENSIONS = YES;
				CLANG_ANALYZER_NONNULL = YES;
				CLANG_ANALYZER_NUMBER_OBJECT_CONVERSION = YES_AGGRESSIVE;
				CLANG_CXX_LANGUAGE_STANDARD = "gnu++20";
				CLANG_ENABLE_MODULES = YES;
				CLANG_ENABLE_OBJC_ARC = YES;
				CLANG_ENABLE_OBJC_WEAK = YES;
				CLANG_WARN_BLOCK_CAPTURE_AUTORELEASING = YES;
				CLANG_WARN_BOOL_CONVERSION = YES;
				CLANG_WARN_COMMA = YES;
				CLANG_WARN_CONSTANT_CONVERSION = YES;
				CLANG_WARN_DEPRECATED_OBJC_IMPLEMENTATIONS = YES;
				CLANG_WARN_DIRECT_OBJC_ISA_USAGE = YES_ERROR;
				CLANG_WARN_DOCUMENTATION_COMMENTS = YES;
				CLANG_WARN_EMPTY_BODY = YES;
				CLANG_WARN_ENUM_CONVERSION = YES;
				CLANG_WARN_INFINITE_RECURSION = YES;
				CLANG_WARN_INT_CONVERSION = YES;
				CLANG_WARN_NON_LITERAL_NULL_CONVERSION = YES;
				CLANG_WARN_OBJC_IMPLICIT_RETAIN_SELF = YES;
				CLANG_WARN_OBJC_LITERAL_CONVERSION = YES;
				CLANG_WARN_OBJC_ROOT_CLASS = YES_ERROR;
				CLANG_WARN_QUOTED_INCLUDE_IN_FRAMEWORK_HEADER = YES;
				CLANG_WARN_RANGE_LOOP_ANALYSIS = YES;
				CLANG_WARN_STRICT_PROTOTYPES = YES;
				CLANG_WARN_SUSPICIOUS_MOVE = YES;
				CLANG_WARN_UNGUARDED_AVAILABILITY = YES_AGGRESSIVE;
				CLANG_WARN_UNREACHABLE_CODE = YES;
				CLANG_WARN__DUPLICATE_METHOD_MATCH = YES;
				COPY_PHASE_STRIP = NO;
				DEBUG_INFORMATION_FORMAT = dwarf;
				ENABLE_STRICT_OBJC_MSGSEND = YES;
				ENABLE_TESTABILITY = YES;
				ENABLE_USER_SCRIPT_SANDBOXING = YES;
				GCC_C_LANGUAGE_STANDARD = gnu17;
				GCC_DYNAMIC_NO_PIC = NO;
				GCC_NO_COMMON_BLOCKS = YES;
				GCC_OPTIMIZATION_LEVEL = 0;
				GCC_PREPROCESSOR_DEFINITIONS = (
					"DEBUG=1",
					"$(inherited)",
				);
				GCC_WARN_64_TO_32_BIT_CONVERSION = YES;
				GCC_WARN_ABOUT_RETURN_TYPE = YES_ERROR;
				GCC_WARN_UNDECLARED_SELECTOR = YES;
				GCC_WARN_UNINITIALIZED_AUTOS = YES_AGGRESSIVE;
				GCC_WARN_UNUSED_FUNCTION = YES;
				GCC_WARN_UNUSED_VARIABLE = YES;
				LOCALIZATION_PREFERS_STRING_CATALOGS = YES;
				MTL_ENABLE_DEBUG_INFO = INCLUDE_SOURCE;
				MTL_FAST_MATH = YES;
				ONLY_ACTIVE_ARCH = YES;
				SWIFT_ACTIVE_COMPILATION_CONDITIONS = "DEBUG $(inherited)";
				SWIFT_OPTIMIZATION_LEVEL = "-Onone";
			};
			name = Debug;
		};
		2F7A4EFA2AC88B8800D4F2E8 /* Release */ = {
			isa = XCBuildConfiguration;
			buildSettings = {
				ALWAYS_SEARCH_USER_PATHS = NO;
				ASSETCATALOG_COMPILER_GENERATE_SWIFT_ASSET_SYMBOL_EXTENSIONS = YES;
				CLANG_ANALYZER_NONNULL = YES;
				CLANG_ANALYZER_NUMBER_OBJECT_CONVERSION = YES_AGGRESSIVE;
				CLANG_CXX_LANGUAGE_STANDARD = "gnu++20";
				CLANG_ENABLE_MODULES = YES;
				CLANG_ENABLE_OBJC_ARC = YES;
				CLANG_ENABLE_OBJC_WEAK = YES;
				CLANG_WARN_BLOCK_CAPTURE_AUTORELEASING = YES;
				CLANG_WARN_BOOL_CONVERSION = YES;
				CLANG_WARN_COMMA = YES;
				CLANG_WARN_CONSTANT_CONVERSION = YES;
				CLANG_WARN_DEPRECATED_OBJC_IMPLEMENTATIONS = YES;
				CLANG_WARN_DIRECT_OBJC_ISA_USAGE = YES_ERROR;
				CLANG_WARN_DOCUMENTATION_COMMENTS = YES;
				CLANG_WARN_EMPTY_BODY = YES;
				CLANG_WARN_ENUM_CONVERSION = YES;
				CLANG_WARN_INFINITE_RECURSION = YES;
				CLANG_WARN_INT_CONVERSION = YES;
				CLANG_WARN_NON_LITERAL_NULL_CONVERSION = YES;
				CLANG_WARN_OBJC_IMPLICIT_RETAIN_SELF = YES;
				CLANG_WARN_OBJC_LITERAL_CONVERSION = YES;
				CLANG_WARN_OBJC_ROOT_CLASS = YES_ERROR;
				CLANG_WARN_QUOTED_INCLUDE_IN_FRAMEWORK_HEADER = YES;
				CLANG_WARN_RANGE_LOOP_ANALYSIS = YES;
				CLANG_WARN_STRICT_PROTOTYPES = YES;
				CLANG_WARN_SUSPICIOUS_MOVE = YES;
				CLANG_WARN_UNGUARDED_AVAILABILITY = YES_AGGRESSIVE;
				CLANG_WARN_UNREACHABLE_CODE = YES;
				CLANG_WARN__DUPLICATE_METHOD_MATCH = YES;
				COPY_PHASE_STRIP = NO;
				DEBUG_INFORMATION_FORMAT = "dwarf-with-dsym";
				ENABLE_NS_ASSERTIONS = NO;
				ENABLE_STRICT_OBJC_MSGSEND = YES;
				ENABLE_USER_SCRIPT_SANDBOXING = YES;
				GCC_C_LANGUAGE_STANDARD = gnu17;
				GCC_NO_COMMON_BLOCKS = YES;
				GCC_WARN_64_TO_32_BIT_CONVERSION = YES;
				GCC_WARN_ABOUT_RETURN_TYPE = YES_ERROR;
				GCC_WARN_UNDECLARED_SELECTOR = YES;
				GCC_WARN_UNINITIALIZED_AUTOS = YES_AGGRESSIVE;
				GCC_WARN_UNUSED_FUNCTION = YES;
				GCC_WARN_UNUSED_VARIABLE = YES;
				LOCALIZATION_PREFERS_STRING_CATALOGS = YES;
				MTL_ENABLE_DEBUG_INFO = NO;
				MTL_FAST_MATH = YES;
				SWIFT_COMPILATION_MODE = wholemodule;
			};
			name = Release;
		};
		2F7A4EFC2AC88B8800D4F2E8 /* Debug */ = {
			isa = XCBuildConfiguration;
			buildSettings = {
				ASSETCATALOG_COMPILER_APPICON_NAME = AppIcon;
				ASSETCATALOG_COMPILER_GLOBAL_ACCENT_COLOR_NAME = AccentColor;
				CODE_SIGN_ENTITLEMENTS = "Anime Landia/Anime_Landia.entitlements";
				"CODE_SIGN_IDENTITY[sdk=macosx*]" = "Apple Development";
				CODE_SIGN_STYLE = Automatic;
				CURRENT_PROJECT_VERSION = 4;
				DEVELOPMENT_ASSET_PATHS = "\"Anime Landia/Preview Content\"";
				DEVELOPMENT_TEAM = 8SB327NDUL;
				ENABLE_HARDENED_RUNTIME = YES;
				ENABLE_PREVIEWS = YES;
				GENERATE_INFOPLIST_FILE = YES;
				INFOPLIST_KEY_CFBundleDisplayName = "AnimeTracker Pro";
				INFOPLIST_KEY_LSApplicationCategoryType = "public.app-category.social-networking";
				"INFOPLIST_KEY_UIApplicationSceneManifest_Generation[sdk=iphoneos*]" = YES;
				"INFOPLIST_KEY_UIApplicationSceneManifest_Generation[sdk=iphonesimulator*]" = YES;
				"INFOPLIST_KEY_UIApplicationSupportsIndirectInputEvents[sdk=iphoneos*]" = YES;
				"INFOPLIST_KEY_UIApplicationSupportsIndirectInputEvents[sdk=iphonesimulator*]" = YES;
				"INFOPLIST_KEY_UILaunchScreen_Generation[sdk=iphoneos*]" = YES;
				"INFOPLIST_KEY_UILaunchScreen_Generation[sdk=iphonesimulator*]" = YES;
				"INFOPLIST_KEY_UIStatusBarStyle[sdk=iphoneos*]" = UIStatusBarStyleDefault;
				"INFOPLIST_KEY_UIStatusBarStyle[sdk=iphonesimulator*]" = UIStatusBarStyleDefault;
				INFOPLIST_KEY_UISupportedInterfaceOrientations = UIInterfaceOrientationPortrait;
				INFOPLIST_KEY_UISupportedInterfaceOrientations_iPad = "UIInterfaceOrientationLandscapeLeft UIInterfaceOrientationLandscapeRight UIInterfaceOrientationPortrait UIInterfaceOrientationPortraitUpsideDown";
				IPHONEOS_DEPLOYMENT_TARGET = 17.0;
				LD_RUNPATH_SEARCH_PATHS = "@executable_path/Frameworks";
				"LD_RUNPATH_SEARCH_PATHS[sdk=macosx*]" = "@executable_path/../Frameworks";
				MACOSX_DEPLOYMENT_TARGET = 14.0;
				MARKETING_VERSION = 1.0;
				PRODUCT_BUNDLE_IDENTIFIER = "com.victorshp.AnimeTracker-Pro";
				PRODUCT_NAME = "$(TARGET_NAME)";
				SDKROOT = auto;
				SUPPORTED_PLATFORMS = "iphoneos iphonesimulator macosx";
				SWIFT_EMIT_LOC_STRINGS = YES;
				SWIFT_VERSION = 5.0;
				TARGETED_DEVICE_FAMILY = "1,2";
			};
			name = Debug;
		};
		2F7A4EFD2AC88B8800D4F2E8 /* Release */ = {
			isa = XCBuildConfiguration;
			buildSettings = {
				ASSETCATALOG_COMPILER_APPICON_NAME = AppIcon;
				ASSETCATALOG_COMPILER_GLOBAL_ACCENT_COLOR_NAME = AccentColor;
				CODE_SIGN_ENTITLEMENTS = "Anime Landia/Anime_Landia.entitlements";
				"CODE_SIGN_IDENTITY[sdk=macosx*]" = "Apple Development";
				CODE_SIGN_STYLE = Automatic;
				CURRENT_PROJECT_VERSION = 4;
				DEVELOPMENT_ASSET_PATHS = "\"Anime Landia/Preview Content\"";
				DEVELOPMENT_TEAM = 8SB327NDUL;
				ENABLE_HARDENED_RUNTIME = YES;
				ENABLE_PREVIEWS = YES;
				GENERATE_INFOPLIST_FILE = YES;
				INFOPLIST_KEY_CFBundleDisplayName = "AnimeTracker Pro";
				INFOPLIST_KEY_LSApplicationCategoryType = "public.app-category.social-networking";
				"INFOPLIST_KEY_UIApplicationSceneManifest_Generation[sdk=iphoneos*]" = YES;
				"INFOPLIST_KEY_UIApplicationSceneManifest_Generation[sdk=iphonesimulator*]" = YES;
				"INFOPLIST_KEY_UIApplicationSupportsIndirectInputEvents[sdk=iphoneos*]" = YES;
				"INFOPLIST_KEY_UIApplicationSupportsIndirectInputEvents[sdk=iphonesimulator*]" = YES;
				"INFOPLIST_KEY_UILaunchScreen_Generation[sdk=iphoneos*]" = YES;
				"INFOPLIST_KEY_UILaunchScreen_Generation[sdk=iphonesimulator*]" = YES;
				"INFOPLIST_KEY_UIStatusBarStyle[sdk=iphoneos*]" = UIStatusBarStyleDefault;
				"INFOPLIST_KEY_UIStatusBarStyle[sdk=iphonesimulator*]" = UIStatusBarStyleDefault;
				INFOPLIST_KEY_UISupportedInterfaceOrientations = UIInterfaceOrientationPortrait;
				INFOPLIST_KEY_UISupportedInterfaceOrientations_iPad = "UIInterfaceOrientationLandscapeLeft UIInterfaceOrientationLandscapeRight UIInterfaceOrientationPortrait UIInterfaceOrientationPortraitUpsideDown";
				IPHONEOS_DEPLOYMENT_TARGET = 17.0;
				LD_RUNPATH_SEARCH_PATHS = "@executable_path/Frameworks";
				"LD_RUNPATH_SEARCH_PATHS[sdk=macosx*]" = "@executable_path/../Frameworks";
				MACOSX_DEPLOYMENT_TARGET = 14.0;
				MARKETING_VERSION = 1.0;
				PRODUCT_BUNDLE_IDENTIFIER = "com.victorshp.AnimeTracker-Pro";
				PRODUCT_NAME = "$(TARGET_NAME)";
				SDKROOT = auto;
				SUPPORTED_PLATFORMS = "iphoneos iphonesimulator macosx";
				SWIFT_EMIT_LOC_STRINGS = YES;
				SWIFT_VERSION = 5.0;
				TARGETED_DEVICE_FAMILY = "1,2";
			};
			name = Release;
		};
		2F7A4EFF2AC88B8800D4F2E8 /* Debug */ = {
			isa = XCBuildConfiguration;
			buildSettings = {
				ALWAYS_EMBED_SWIFT_STANDARD_LIBRARIES = YES;
				BUNDLE_LOADER = "$(TEST_HOST)";
				CODE_SIGN_STYLE = Automatic;
				CURRENT_PROJECT_VERSION = 1;
				DEVELOPMENT_TEAM = 8SB327NDUL;
				GENERATE_INFOPLIST_FILE = YES;
				IPHONEOS_DEPLOYMENT_TARGET = 17.0;
				MACOSX_DEPLOYMENT_TARGET = 14.0;
				MARKETING_VERSION = 1.0;
				PRODUCT_BUNDLE_IDENTIFIER = "victorshp30.Anime-LandiaTests";
				PRODUCT_NAME = "$(TARGET_NAME)";
				SDKROOT = auto;
				SUPPORTED_PLATFORMS = "iphoneos iphonesimulator macosx";
				SWIFT_EMIT_LOC_STRINGS = NO;
				SWIFT_VERSION = 5.0;
				TARGETED_DEVICE_FAMILY = "1,2";
				TEST_HOST = "$(BUILT_PRODUCTS_DIR)/AnimeTracker Pro.app/$(BUNDLE_EXECUTABLE_FOLDER_PATH)/AnimeTracker Pro";
			};
			name = Debug;
		};
		2F7A4F002AC88B8800D4F2E8 /* Release */ = {
			isa = XCBuildConfiguration;
			buildSettings = {
				ALWAYS_EMBED_SWIFT_STANDARD_LIBRARIES = YES;
				BUNDLE_LOADER = "$(TEST_HOST)";
				CODE_SIGN_STYLE = Automatic;
				CURRENT_PROJECT_VERSION = 1;
				DEVELOPMENT_TEAM = 8SB327NDUL;
				GENERATE_INFOPLIST_FILE = YES;
				IPHONEOS_DEPLOYMENT_TARGET = 17.0;
				MACOSX_DEPLOYMENT_TARGET = 14.0;
				MARKETING_VERSION = 1.0;
				PRODUCT_BUNDLE_IDENTIFIER = "victorshp30.Anime-LandiaTests";
				PRODUCT_NAME = "$(TARGET_NAME)";
				SDKROOT = auto;
				SUPPORTED_PLATFORMS = "iphoneos iphonesimulator macosx";
				SWIFT_EMIT_LOC_STRINGS = NO;
				SWIFT_VERSION = 5.0;
				TARGETED_DEVICE_FAMILY = "1,2";
				TEST_HOST = "$(BUILT_PRODUCTS_DIR)/AnimeTracker Pro.app/$(BUNDLE_EXECUTABLE_FOLDER_PATH)/AnimeTracker Pro";
			};
			name = Release;
		};
		2F7A4F022AC88B8800D4F2E8 /* Debug */ = {
			isa = XCBuildConfiguration;
			buildSettings = {
				ALWAYS_EMBED_SWIFT_STANDARD_LIBRARIES = YES;
				CODE_SIGN_STYLE = Automatic;
				CURRENT_PROJECT_VERSION = 1;
				DEVELOPMENT_TEAM = 8SB327NDUL;
				GENERATE_INFOPLIST_FILE = YES;
				IPHONEOS_DEPLOYMENT_TARGET = 17.0;
				MACOSX_DEPLOYMENT_TARGET = 14.0;
				MARKETING_VERSION = 1.0;
				PRODUCT_BUNDLE_IDENTIFIER = "victorshp30.Anime-LandiaUITests";
				PRODUCT_NAME = "$(TARGET_NAME)";
				SDKROOT = auto;
				SUPPORTED_PLATFORMS = "iphoneos iphonesimulator macosx";
				SWIFT_EMIT_LOC_STRINGS = NO;
				SWIFT_VERSION = 5.0;
				TARGETED_DEVICE_FAMILY = "1,2";
				TEST_TARGET_NAME = "Anime Landia";
			};
			name = Debug;
		};
		2F7A4F032AC88B8800D4F2E8 /* Release */ = {
			isa = XCBuildConfiguration;
			buildSettings = {
				ALWAYS_EMBED_SWIFT_STANDARD_LIBRARIES = YES;
				CODE_SIGN_STYLE = Automatic;
				CURRENT_PROJECT_VERSION = 1;
				DEVELOPMENT_TEAM = 8SB327NDUL;
				GENERATE_INFOPLIST_FILE = YES;
				IPHONEOS_DEPLOYMENT_TARGET = 17.0;
				MACOSX_DEPLOYMENT_TARGET = 14.0;
				MARKETING_VERSION = 1.0;
				PRODUCT_BUNDLE_IDENTIFIER = "victorshp30.Anime-LandiaUITests";
				PRODUCT_NAME = "$(TARGET_NAME)";
				SDKROOT = auto;
				SUPPORTED_PLATFORMS = "iphoneos iphonesimulator macosx";
				SWIFT_EMIT_LOC_STRINGS = NO;
				SWIFT_VERSION = 5.0;
				TARGETED_DEVICE_FAMILY = "1,2";
				TEST_TARGET_NAME = "Anime Landia";
			};
			name = Release;
		};
/* End XCBuildConfiguration section */

/* Begin XCConfigurationList section */
		2F7A4ED12AC88B8600D4F2E8 /* Build configuration list for PBXProject "AnimeTracker Pro" */ = {
			isa = XCConfigurationList;
			buildConfigurations = (
				2F7A4EF92AC88B8800D4F2E8 /* Debug */,
				2F7A4EFA2AC88B8800D4F2E8 /* Release */,
			);
			defaultConfigurationIsVisible = 0;
			defaultConfigurationName = Release;
		};
		2F7A4EFB2AC88B8800D4F2E8 /* Build configuration list for PBXNativeTarget "AnimeTracker Pro" */ = {
			isa = XCConfigurationList;
			buildConfigurations = (
				2F7A4EFC2AC88B8800D4F2E8 /* Debug */,
				2F7A4EFD2AC88B8800D4F2E8 /* Release */,
			);
			defaultConfigurationIsVisible = 0;
			defaultConfigurationName = Release;
		};
		2F7A4EFE2AC88B8800D4F2E8 /* Build configuration list for PBXNativeTarget "AnimeTracker ProTests" */ = {
			isa = XCConfigurationList;
			buildConfigurations = (
				2F7A4EFF2AC88B8800D4F2E8 /* Debug */,
				2F7A4F002AC88B8800D4F2E8 /* Release */,
			);
			defaultConfigurationIsVisible = 0;
			defaultConfigurationName = Release;
		};
		2F7A4F012AC88B8800D4F2E8 /* Build configuration list for PBXNativeTarget "AnimeTracker ProUITests" */ = {
			isa = XCConfigurationList;
			buildConfigurations = (
				2F7A4F022AC88B8800D4F2E8 /* Debug */,
				2F7A4F032AC88B8800D4F2E8 /* Release */,
			);
			defaultConfigurationIsVisible = 0;
			defaultConfigurationName = Release;
		};
/* End XCConfigurationList section */

/* Begin XCRemoteSwiftPackageReference section */
		2F7A4F082AC896F800D4F2E8 /* XCRemoteSwiftPackageReference "SDWebImageSwiftUI" */ = {
			isa = XCRemoteSwiftPackageReference;
			repositoryURL = "https://github.com/SDWebImage/SDWebImageSwiftUI.git";
			requirement = {
				kind = upToNextMajorVersion;
				minimumVersion = 2.2.3;
			};
		};
		2FE2CC672AC8ED4E00E4E1C1 /* XCRemoteSwiftPackageReference "YouTubePlayerKit" */ = {
			isa = XCRemoteSwiftPackageReference;
			repositoryURL = "https://github.com/SvenTiigi/YouTubePlayerKit.git";
			requirement = {
				kind = upToNextMajorVersion;
				minimumVersion = 1.5.2;
			};
		};
/* End XCRemoteSwiftPackageReference section */

/* Begin XCSwiftPackageProductDependency section */
		2F7A4F092AC896F800D4F2E8 /* SDWebImageSwiftUI */ = {
			isa = XCSwiftPackageProductDependency;
			package = 2F7A4F082AC896F800D4F2E8 /* XCRemoteSwiftPackageReference "SDWebImageSwiftUI" */;
			productName = SDWebImageSwiftUI;
		};
		2FE2CC682AC8ED4E00E4E1C1 /* YouTubePlayerKit */ = {
			isa = XCSwiftPackageProductDependency;
			package = 2FE2CC672AC8ED4E00E4E1C1 /* XCRemoteSwiftPackageReference "YouTubePlayerKit" */;
			productName = YouTubePlayerKit;
		};
/* End XCSwiftPackageProductDependency section */
	};
	rootObject = 2F7A4ECE2AC88B8600D4F2E8 /* Project object */;
}
