// !$*UTF8*$!
{
	archiveVersion = 1;
	classes = {
	};
	objectVersion = 56;
	objects = {

/* Begin PBXBuildFile section */
		2F7A4EDA2AC88B8600D4F2E8 /* Anime_LandiaApp.swift in Sources */ = {isa = PBXBuildFile; fileRef = 2F7A4ED92AC88B8600D4F2E8 /* Anime_LandiaApp.swift */; };
		2F7A4EDC2AC88B8600D4F2E8 /* ContentView.swift in Sources */ = {isa = PBXBuildFile; fileRef = 2F7A4EDB2AC88B8600D4F2E8 /* ContentView.swift */; };
		2F7A4EDE2AC88B8800D4F2E8 /* Assets.xcassets in Resources */ = {isa = PBXBuildFile; fileRef = 2F7A4EDD2AC88B8800D4F2E8 /* Assets.xcassets */; };
		2F7A4EE22AC88B8800D4F2E8 /* Preview Assets.xcassets in Resources */ = {isa = PBXBuildFile; fileRef = 2F7A4EE12AC88B8800D4F2E8 /* Preview Assets.xcassets */; };
		2F7A4EEC2AC88B8800D4F2E8 /* Anime_LandiaTests.swift in Sources */ = {isa = PBXBuildFile; fileRef = 2F7A4EEB2AC88B8800D4F2E8 /* Anime_LandiaTests.swift */; };
		2F7A4EF62AC88B8800D4F2E8 /* Anime_LandiaUITests.swift in Sources */ = {isa = PBXBuildFile; fileRef = 2F7A4EF52AC88B8800D4F2E8 /* Anime_LandiaUITests.swift */; };
		2F7A4EF82AC88B8800D4F2E8 /* Anime_LandiaUITestsLaunchTests.swift in Sources */ = {isa = PBXBuildFile; fileRef = 2F7A4EF72AC88B8800D4F2E8 /* Anime_LandiaUITestsLaunchTests.swift */; };
/* End PBXBuildFile section */

/* Begin PBXContainerItemProxy section */
		2F7A4EE82AC88B8800D4F2E8 /* PBXContainerItemProxy */ = {
			isa = PBXContainerItemProxy;
			containerPortal = 2F7A4ECE2AC88B8600D4F2E8 /* Project object */;
			proxyType = 1;
			remoteGlobalIDString = 2F7A4ED52AC88B8600D4F2E8;
			remoteInfo = "Anime Landia";
		};
		2F7A4EF22AC88B8800D4F2E8 /* PBXContainerItemProxy */ = {
			isa = PBXContainerItemProxy;
			containerPortal = 2F7A4ECE2AC88B8600D4F2E8 /* Project object */;
			proxyType = 1;
			remoteGlobalIDString = 2F7A4ED52AC88B8600D4F2E8;
			remoteInfo = "Anime Landia";
		};
/* End PBXContainerItemProxy section */

/* Begin PBXFileReference section */
		2F7A4ED62AC88B8600D4F2E8 /* Anime Landia.app */ = {isa = PBXFileReference; explicitFileType = wrapper.application; includeInIndex = 0; path = "Anime Landia.app"; sourceTree = BUILT_PRODUCTS_DIR; };
		2F7A4ED92AC88B8600D4F2E8 /* Anime_LandiaApp.swift */ = {isa = PBXFileReference; lastKnownFileType = sourcecode.swift; path = Anime_LandiaApp.swift; sourceTree = "<group>"; };
		2F7A4EDB2AC88B8600D4F2E8 /* ContentView.swift */ = {isa = PBXFileReference; lastKnownFileType = sourcecode.swift; path = ContentView.swift; sourceTree = "<group>"; };
		2F7A4EDD2AC88B8800D4F2E8 /* Assets.xcassets */ = {isa = PBXFileReference; lastKnownFileType = folder.assetcatalog; path = Assets.xcassets; sourceTree = "<group>"; };
		2F7A4EDF2AC88B8800D4F2E8 /* Anime_Landia.entitlements */ = {isa = PBXFileReference; lastKnownFileType = text.plist.entitlements; path = Anime_Landia.entitlements; sourceTree = "<group>"; };
		2F7A4EE12AC88B8800D4F2E8 /* Preview Assets.xcassets */ = {isa = PBXFileReference; lastKnownFileType = folder.assetcatalog; path = "Preview Assets.xcassets"; sourceTree = "<group>"; };
		2F7A4EE72AC88B8800D4F2E8 /* Anime LandiaTests.xctest */ = {isa = PBXFileReference; explicitFileType = wrapper.cfbundle; includeInIndex = 0; path = "Anime LandiaTests.xctest"; sourceTree = BUILT_PRODUCTS_DIR; };
		2F7A4EEB2AC88B8800D4F2E8 /* Anime_LandiaTests.swift */ = {isa = PBXFileReference; lastKnownFileType = sourcecode.swift; path = Anime_LandiaTests.swift; sourceTree = "<group>"; };
		2F7A4EF12AC88B8800D4F2E8 /* Anime LandiaUITests.xctest */ = {isa = PBXFileReference; explicitFileType = wrapper.cfbundle; includeInIndex = 0; path = "Anime LandiaUITests.xctest"; sourceTree = BUILT_PRODUCTS_DIR; };
		2F7A4EF52AC88B8800D4F2E8 /* Anime_LandiaUITests.swift */ = {isa = PBXFileReference; lastKnownFileType = sourcecode.swift; path = Anime_LandiaUITests.swift; sourceTree = "<group>"; };
		2F7A4EF72AC88B8800D4F2E8 /* Anime_LandiaUITestsLaunchTests.swift */ = {isa = PBXFileReference; lastKnownFileType = sourcecode.swift; path = Anime_LandiaUITestsLaunchTests.swift; sourceTree = "<group>"; };
/* End PBXFileReference section */

/* Begin PBXFrameworksBuildPhase section */
		2F7A4ED32AC88B8600D4F2E8 /* Frameworks */ = {
			isa = PBXFrameworksBuildPhase;
			buildActionMask = 2147483647;
			files = (
			);
			runOnlyForDeploymentPostprocessing = 0;
		};
		2F7A4EE42AC88B8800D4F2E8 /* Frameworks */ = {
			isa = PBXFrameworksBuildPhase;
			buildActionMask = 2147483647;
			files = (
			);
			runOnlyForDeploymentPostprocessing = 0;
		};
		2F7A4EEE2AC88B8800D4F2E8 /* Frameworks */ = {
			isa = PBXFrameworksBuildPhase;
			buildActionMask = 2147483647;
			files = (
			);
			runOnlyForDeploymentPostprocessing = 0;
		};
/* End PBXFrameworksBuildPhase section */

/* Begin PBXGroup section */
		2F7A4ECD2AC88B8600D4F2E8 = {
			isa = PBXGroup;
			children = (
				2F7A4ED82AC88B8600D4F2E8 /* Anime Landia */,
				2F7A4EEA2AC88B8800D4F2E8 /* Anime LandiaTests */,
				2F7A4EF42AC88B8800D4F2E8 /* Anime LandiaUITests */,
				2F7A4ED72AC88B8600D4F2E8 /* Products */,
			);
			sourceTree = "<group>";
		};
		2F7A4ED72AC88B8600D4F2E8 /* Products */ = {
			isa = PBXGroup;
			children = (
				2F7A4ED62AC88B8600D4F2E8 /* Anime Landia.app */,
				2F7A4EE72AC88B8800D4F2E8 /* Anime LandiaTests.xctest */,
				2F7A4EF12AC88B8800D4F2E8 /* Anime LandiaUITests.xctest */,
			);
			name = Products;
			sourceTree = "<group>";
		};
		2F7A4ED82AC88B8600D4F2E8 /* Anime Landia */ = {
			isa = PBXGroup;
			children = (
				2F7A4ED92AC88B8600D4F2E8 /* Anime_LandiaApp.swift */,
				2F7A4EDB2AC88B8600D4F2E8 /* ContentView.swift */,
				2F7A4EDD2AC88B8800D4F2E8 /* Assets.xcassets */,
				2F7A4EDF2AC88B8800D4F2E8 /* Anime_Landia.entitlements */,
				2F7A4EE02AC88B8800D4F2E8 /* Preview Content */,
			);
			path = "Anime Landia";
			sourceTree = "<group>";
		};
		2F7A4EE02AC88B8800D4F2E8 /* Preview Content */ = {
			isa = PBXGroup;
			children = (
				2F7A4EE12AC88B8800D4F2E8 /* Preview Assets.xcassets */,
			);
			path = "Preview Content";
			sourceTree = "<group>";
		};
		2F7A4EEA2AC88B8800D4F2E8 /* Anime LandiaTests */ = {
			isa = PBXGroup;
			children = (
				2F7A4EEB2AC88B8800D4F2E8 /* Anime_LandiaTests.swift */,
			);
			path = "Anime LandiaTests";
			sourceTree = "<group>";
		};
		2F7A4EF42AC88B8800D4F2E8 /* Anime LandiaUITests */ = {
			isa = PBXGroup;
			children = (
				2F7A4EF52AC88B8800D4F2E8 /* Anime_LandiaUITests.swift */,
				2F7A4EF72AC88B8800D4F2E8 /* Anime_LandiaUITestsLaunchTests.swift */,
			);
			path = "Anime LandiaUITests";
			sourceTree = "<group>";
		};
/* End PBXGroup section */

/* Begin PBXNativeTarget section */
		2F7A4ED52AC88B8600D4F2E8 /* Anime Landia */ = {
			isa = PBXNativeTarget;
			buildConfigurationList = 2F7A4EFB2AC88B8800D4F2E8 /* Build configuration list for PBXNativeTarget "Anime Landia" */;
			buildPhases = (
				2F7A4ED22AC88B8600D4F2E8 /* Sources */,
				2F7A4ED32AC88B8600D4F2E8 /* Frameworks */,
				2F7A4ED42AC88B8600D4F2E8 /* Resources */,
			);
			buildRules = (
			);
			dependencies = (
			);
			name = "Anime Landia";
			productName = "Anime Landia";
			productReference = 2F7A4ED62AC88B8600D4F2E8 /* Anime Landia.app */;
			productType = "com.apple.product-type.application";
		};
		2F7A4EE62AC88B8800D4F2E8 /* Anime LandiaTests */ = {
			isa = PBXNativeTarget;
			buildConfigurationList = 2F7A4EFE2AC88B8800D4F2E8 /* Build configuration list for PBXNativeTarget "Anime LandiaTests" */;
			buildPhases = (
				2F7A4EE32AC88B8800D4F2E8 /* Sources */,
				2F7A4EE42AC88B8800D4F2E8 /* Frameworks */,
				2F7A4EE52AC88B8800D4F2E8 /* Resources */,
			);
			buildRules = (
			);
			dependencies = (
				2F7A4EE92AC88B8800D4F2E8 /* PBXTargetDependency */,
			);
			name = "Anime LandiaTests";
			productName = "Anime LandiaTests";
			productReference = 2F7A4EE72AC88B8800D4F2E8 /* Anime LandiaTests.xctest */;
			productType = "com.apple.product-type.bundle.unit-test";
		};
		2F7A4EF02AC88B8800D4F2E8 /* Anime LandiaUITests */ = {
			isa = PBXNativeTarget;
			buildConfigurationList = 2F7A4F012AC88B8800D4F2E8 /* Build configuration list for PBXNativeTarget "Anime LandiaUITests" */;
			buildPhases = (
				2F7A4EED2AC88B8800D4F2E8 /* Sources */,
				2F7A4EEE2AC88B8800D4F2E8 /* Frameworks */,
				2F7A4EEF2AC88B8800D4F2E8 /* Resources */,
			);
			buildRules = (
			);
			dependencies = (
				2F7A4EF32AC88B8800D4F2E8 /* PBXTargetDependency */,
			);
			name = "Anime LandiaUITests";
			productName = "Anime LandiaUITests";
			productReference = 2F7A4EF12AC88B8800D4F2E8 /* Anime LandiaUITests.xctest */;
			productType = "com.apple.product-type.bundle.ui-testing";
		};
/* End PBXNativeTarget section */

/* Begin PBXProject section */
		2F7A4ECE2AC88B8600D4F2E8 /* Project object */ = {
			isa = PBXProject;
			attributes = {
				BuildIndependentTargetsInParallel = 1;
				LastSwiftUpdateCheck = 1500;
				LastUpgradeCheck = 1500;
				TargetAttributes = {
					2F7A4ED52AC88B8600D4F2E8 = {
						CreatedOnToolsVersion = 15.0;
					};
					2F7A4EE62AC88B8800D4F2E8 = {
						CreatedOnToolsVersion = 15.0;
						TestTargetID = 2F7A4ED52AC88B8600D4F2E8;
					};
					2F7A4EF02AC88B8800D4F2E8 = {
						CreatedOnToolsVersion = 15.0;
						TestTargetID = 2F7A4ED52AC88B8600D4F2E8;
					};
				};
			};
			buildConfigurationList = 2F7A4ED12AC88B8600D4F2E8 /* Build configuration list for PBXProject "Anime Landia" */;
			compatibilityVersion = "Xcode 14.0";
			developmentRegion = en;
			hasScannedForEncodings = 0;
			knownRegions = (
				en,
				Base,
			);
			mainGroup = 2F7A4ECD2AC88B8600D4F2E8;
			productRefGroup = 2F7A4ED72AC88B8600D4F2E8 /* Products */;
			projectDirPath = "";
			projectRoot = "";
			targets = (
				2F7A4ED52AC88B8600D4F2E8 /* Anime Landia */,
				2F7A4EE62AC88B8800D4F2E8 /* Anime LandiaTests */,
				2F7A4EF02AC88B8800D4F2E8 /* Anime LandiaUITests */,
			);
		};
/* End PBXProject section */

/* Begin PBXResourcesBuildPhase section */
		2F7A4ED42AC88B8600D4F2E8 /* Resources */ = {
			isa = PBXResourcesBuildPhase;
			buildActionMask = 2147483647;
			files = (
				2F7A4EE22AC88B8800D4F2E8 /* Preview Assets.xcassets in Resources */,
				2F7A4EDE2AC88B8800D4F2E8 /* Assets.xcassets in Resources */,
			);
			runOnlyForDeploymentPostprocessing = 0;
		};
		2F7A4EE52AC88B8800D4F2E8 /* Resources */ = {
			isa = PBXResourcesBuildPhase;
			buildActionMask = 2147483647;
			files = (
			);
			runOnlyForDeploymentPostprocessing = 0;
		};
		2F7A4EEF2AC88B8800D4F2E8 /* Resources */ = {
			isa = PBXResourcesBuildPhase;
			buildActionMask = 2147483647;
			files = (
			);
			runOnlyForDeploymentPostprocessing = 0;
		};
/* End PBXResourcesBuildPhase section */

/* Begin PBXSourcesBuildPhase section */
		2F7A4ED22AC88B8600D4F2E8 /* Sources */ = {
			isa = PBXSourcesBuildPhase;
			buildActionMask = 2147483647;
			files = (
				2F7A4EDC2AC88B8600D4F2E8 /* ContentView.swift in Sources */,
				2F7A4EDA2AC88B8600D4F2E8 /* Anime_LandiaApp.swift in Sources */,
			);
			runOnlyForDeploymentPostprocessing = 0;
		};
		2F7A4EE32AC88B8800D4F2E8 /* Sources */ = {
			isa = PBXSourcesBuildPhase;
			buildActionMask = 2147483647;
			files = (
				2F7A4EEC2AC88B8800D4F2E8 /* Anime_LandiaTests.swift in Sources */,
			);
			runOnlyForDeploymentPostprocessing = 0;
		};
		2F7A4EED2AC88B8800D4F2E8 /* Sources */ = {
			isa = PBXSourcesBuildPhase;
			buildActionMask = 2147483647;
			files = (
				2F7A4EF82AC88B8800D4F2E8 /* Anime_LandiaUITestsLaunchTests.swift in Sources */,
				2F7A4EF62AC88B8800D4F2E8 /* Anime_LandiaUITests.swift in Sources */,
			);
			runOnlyForDeploymentPostprocessing = 0;
		};
/* End PBXSourcesBuildPhase section */

/* Begin PBXTargetDependency section */
		2F7A4EE92AC88B8800D4F2E8 /* PBXTargetDependency */ = {
			isa = PBXTargetDependency;
			target = 2F7A4ED52AC88B8600D4F2E8 /* Anime Landia */;
			targetProxy = 2F7A4EE82AC88B8800D4F2E8 /* PBXContainerItemProxy */;
		};
		2F7A4EF32AC88B8800D4F2E8 /* PBXTargetDependency */ = {
			isa = PBXTargetDependency;
			target = 2F7A4ED52AC88B8600D4F2E8 /* Anime Landia */;
			targetProxy = 2F7A4EF22AC88B8800D4F2E8 /* PBXContainerItemProxy */;
		};
/* End PBXTargetDependency section */

/* Begin XCBuildConfiguration section */
		2F7A4EF92AC88B8800D4F2E8 /* Debug */ = {
			isa = XCBuildConfiguration;
			buildSettings = {
				ALWAYS_SEARCH_USER_PATHS = NO;
				ASSETCATALOG_COMPILER_GENERATE_SWIFT_ASSET_SYMBOL_EXTENSIONS = YES;
				CLANG_ANALYZER_NONNULL = YES;
				CLANG_ANALYZER_NUMBER_OBJECT_CONVERSION = YES_AGGRESSIVE;
				CLANG_CXX_LANGUAGE_STANDARD = "gnu++20";
				CLANG_ENABLE_MODULES = YES;
				CLANG_ENABLE_OBJC_ARC = YES;
				CLANG_ENABLE_OBJC_WEAK = YES;
				CLANG_WARN_BLOCK_CAPTURE_AUTORELEASING = YES;
				CLANG_WARN_BOOL_CONVERSION = YES;
				CLANG_WARN_COMMA = YES;
				CLANG_WARN_CONSTANT_CONVERSION = YES;
				CLANG_WARN_DEPRECATED_OBJC_IMPLEMENTATIONS = YES;
				CLANG_WARN_DIRECT_OBJC_ISA_USAGE = YES_ERROR;
				CLANG_WARN_DOCUMENTATION_COMMENTS = YES;
				CLANG_WARN_EMPTY_BODY = YES;
				CLANG_WARN_ENUM_CONVERSION = YES;
				CLANG_WARN_INFINITE_RECURSION = YES;
				CLANG_WARN_INT_CONVERSION = YES;
				CLANG_WARN_NON_LITERAL_NULL_CONVERSION = YES;
				CLANG_WARN_OBJC_IMPLICIT_RETAIN_SELF = YES;
				CLANG_WARN_OBJC_LITERAL_CONVERSION = YES;
				CLANG_WARN_OBJC_ROOT_CLASS = YES_ERROR;
				CLANG_WARN_QUOTED_INCLUDE_IN_FRAMEWORK_HEADER = YES;
				CLANG_WARN_RANGE_LOOP_ANALYSIS = YES;
				CLANG_WARN_STRICT_PROTOTYPES = YES;
				CLANG_WARN_SUSPICIOUS_MOVE = YES;
				CLANG_WARN_UNGUARDED_AVAILABILITY = YES_AGGRESSIVE;
				CLANG_WARN_UNREACHABLE_CODE = YES;
				CLANG_WARN__DUPLICATE_METHOD_MATCH = YES;
				COPY_PHASE_STRIP = NO;
				DEBUG_INFORMATION_FORMAT = dwarf;
				ENABLE_STRICT_OBJC_MSGSEND = YES;
				ENABLE_TESTABILITY = YES;
				ENABLE_USER_SCRIPT_SANDBOXING = YES;
				GCC_C_LANGUAGE_STANDARD = gnu17;
				GCC_DYNAMIC_NO_PIC = NO;
				GCC_NO_COMMON_BLOCKS = YES;
				GCC_OPTIMIZATION_LEVEL = 0;
				GCC_PREPROCESSOR_DEFINITIONS = (
					"DEBUG=1",
					"$(inherited)",
				);
				GCC_WARN_64_TO_32_BIT_CONVERSION = YES;
				GCC_WARN_ABOUT_RETURN_TYPE = YES_ERROR;
				GCC_WARN_UNDECLARED_SELECTOR = YES;
				GCC_WARN_UNINITIALIZED_AUTOS = YES_AGGRESSIVE;
				GCC_WARN_UNUSED_FUNCTION = YES;
				GCC_WARN_UNUSED_VARIABLE = YES;
				LOCALIZATION_PREFERS_STRING_CATALOGS = YES;
				MTL_ENABLE_DEBUG_INFO = INCLUDE_SOURCE;
				MTL_FAST_MATH = YES;
				ONLY_ACTIVE_ARCH = YES;
				SWIFT_ACTIVE_COMPILATION_CONDITIONS = "DEBUG $(inherited)";
				SWIFT_OPTIMIZATION_LEVEL = "-Onone";
			};
			name = Debug;
		};
		2F7A4EFA2AC88B8800D4F2E8 /* Release */ = {
			isa = XCBuildConfiguration;
			buildSettings = {
				ALWAYS_SEARCH_USER_PATHS = NO;
				ASSETCATALOG_COMPILER_GENERATE_SWIFT_ASSET_SYMBOL_EXTENSIONS = YES;
				CLANG_ANALYZER_NONNULL = YES;
				CLANG_ANALYZER_NUMBER_OBJECT_CONVERSION = YES_AGGRESSIVE;
				CLANG_CXX_LANGUAGE_STANDARD = "gnu++20";
				CLANG_ENABLE_MODULES = YES;
				CLANG_ENABLE_OBJC_ARC = YES;
				CLANG_ENABLE_OBJC_WEAK = YES;
				CLANG_WARN_BLOCK_CAPTURE_AUTORELEASING = YES;
				CLANG_WARN_BOOL_CONVERSION = YES;
				CLANG_WARN_COMMA = YES;
				CLANG_WARN_CONSTANT_CONVERSION = YES;
				CLANG_WARN_DEPRECATED_OBJC_IMPLEMENTATIONS = YES;
				CLANG_WARN_DIRECT_OBJC_ISA_USAGE = YES_ERROR;
				CLANG_WARN_DOCUMENTATION_COMMENTS = YES;
				CLANG_WARN_EMPTY_BODY = YES;
				CLANG_WARN_ENUM_CONVERSION = YES;
				CLANG_WARN_INFINITE_RECURSION = YES;
				CLANG_WARN_INT_CONVERSION = YES;
				CLANG_WARN_NON_LITERAL_NULL_CONVERSION = YES;
				CLANG_WARN_OBJC_IMPLICIT_RETAIN_SELF = YES;
				CLANG_WARN_OBJC_LITERAL_CONVERSION = YES;
				CLANG_WARN_OBJC_ROOT_CLASS = YES_ERROR;
				CLANG_WARN_QUOTED_INCLUDE_IN_FRAMEWORK_HEADER = YES;
				CLANG_WARN_RANGE_LOOP_ANALYSIS = YES;
				CLANG_WARN_STRICT_PROTOTYPES = YES;
				CLANG_WARN_SUSPICIOUS_MOVE = YES;
				CLANG_WARN_UNGUARDED_AVAILABILITY = YES_AGGRESSIVE;
				CLANG_WARN_UNREACHABLE_CODE = YES;
				CLANG_WARN__DUPLICATE_METHOD_MATCH = YES;
				COPY_PHASE_STRIP = NO;
				DEBUG_INFORMATION_FORMAT = "dwarf-with-dsym";
				ENABLE_NS_ASSERTIONS = NO;
				ENABLE_STRICT_OBJC_MSGSEND = YES;
				ENABLE_USER_SCRIPT_SANDBOXING = YES;
				GCC_C_LANGUAGE_STANDARD = gnu17;
				GCC_NO_COMMON_BLOCKS = YES;
				GCC_WARN_64_TO_32_BIT_CONVERSION = YES;
				GCC_WARN_ABOUT_RETURN_TYPE = YES_ERROR;
				GCC_WARN_UNDECLARED_SELECTOR = YES;
				GCC_WARN_UNINITIALIZED_AUTOS = YES_AGGRESSIVE;
				GCC_WARN_UNUSED_FUNCTION = YES;
				GCC_WARN_UNUSED_VARIABLE = YES;
				LOCALIZATION_PREFERS_STRING_CATALOGS = YES;
				MTL_ENABLE_DEBUG_INFO = NO;
				MTL_FAST_MATH = YES;
				SWIFT_COMPILATION_MODE = wholemodule;
			};
			name = Release;
		};
		2F7A4EFC2AC88B8800D4F2E8 /* Debug */ = {
			isa = XCBuildConfiguration;
			buildSettings = {
				ASSETCATALOG_COMPILER_APPICON_NAME = AppIcon;
				ASSETCATALOG_COMPILER_GLOBAL_ACCENT_COLOR_NAME = AccentColor;
				CODE_SIGN_ENTITLEMENTS = "Anime Landia/Anime_Landia.entitlements";
				CODE_SIGN_STYLE = Automatic;
				CURRENT_PROJECT_VERSION = 1;
				DEVELOPMENT_ASSET_PATHS = "\"Anime Landia/Preview Content\"";
				DEVELOPMENT_TEAM = 8SB327NDUL;
				ENABLE_HARDENED_RUNTIME = YES;
				ENABLE_PREVIEWS = YES;
				GENERATE_INFOPLIST_FILE = YES;
				"INFOPLIST_KEY_UIApplicationSceneManifest_Generation[sdk=iphoneos*]" = YES;
				"INFOPLIST_KEY_UIApplicationSceneManifest_Generation[sdk=iphonesimulator*]" = YES;
				"INFOPLIST_KEY_UIApplicationSupportsIndirectInputEvents[sdk=iphoneos*]" = YES;
				"INFOPLIST_KEY_UIApplicationSupportsIndirectInputEvents[sdk=iphonesimulator*]" = YES;
				"INFOPLIST_KEY_UILaunchScreen_Generation[sdk=iphoneos*]" = YES;
				"INFOPLIST_KEY_UILaunchScreen_Generation[sdk=iphonesimulator*]" = YES;
				"INFOPLIST_KEY_UIStatusBarStyle[sdk=iphoneos*]" = UIStatusBarStyleDefault;
				"INFOPLIST_KEY_UIStatusBarStyle[sdk=iphonesimulator*]" = UIStatusBarStyleDefault;
				INFOPLIST_KEY_UISupportedInterfaceOrientations_iPad = "UIInterfaceOrientationPortrait UIInterfaceOrientationPortraitUpsideDown UIInterfaceOrientationLandscapeLeft UIInterfaceOrientationLandscapeRight";
				INFOPLIST_KEY_UISupportedInterfaceOrientations_iPhone = "UIInterfaceOrientationPortrait UIInterfaceOrientationLandscapeLeft UIInterfaceOrientationLandscapeRight";
				IPHONEOS_DEPLOYMENT_TARGET = 17.0;
				LD_RUNPATH_SEARCH_PATHS = "@executable_path/Frameworks";
				"LD_RUNPATH_SEARCH_PATHS[sdk=macosx*]" = "@executable_path/../Frameworks";
				MACOSX_DEPLOYMENT_TARGET = 14.0;
				MARKETING_VERSION = 1.0;
				PRODUCT_BUNDLE_IDENTIFIER = "victorshp30.Anime-Landia";
				PRODUCT_NAME = "$(TARGET_NAME)";
				SDKROOT = auto;
				SUPPORTED_PLATFORMS = "iphoneos iphonesimulator macosx";
				SWIFT_EMIT_LOC_STRINGS = YES;
				SWIFT_VERSION = 5.0;
				TARGETED_DEVICE_FAMILY = "1,2";
			};
			name = Debug;
		};
		2F7A4EFD2AC88B8800D4F2E8 /* Release */ = {
			isa = XCBuildConfiguration;
			buildSettings = {
				ASSETCATALOG_COMPILER_APPICON_NAME = AppIcon;
				ASSETCATALOG_COMPILER_GLOBAL_ACCENT_COLOR_NAME = AccentColor;
				CODE_SIGN_ENTITLEMENTS = "Anime Landia/Anime_Landia.entitlements";
				CODE_SIGN_STYLE = Automatic;
				CURRENT_PROJECT_VERSION = 1;
				DEVELOPMENT_ASSET_PATHS = "\"Anime Landia/Preview Content\"";
				DEVELOPMENT_TEAM = 8SB327NDUL;
				ENABLE_HARDENED_RUNTIME = YES;
				ENABLE_PREVIEWS = YES;
				GENERATE_INFOPLIST_FILE = YES;
				"INFOPLIST_KEY_UIApplicationSceneManifest_Generation[sdk=iphoneos*]" = YES;
				"INFOPLIST_KEY_UIApplicationSceneManifest_Generation[sdk=iphonesimulator*]" = YES;
				"INFOPLIST_KEY_UIApplicationSupportsIndirectInputEvents[sdk=iphoneos*]" = YES;
				"INFOPLIST_KEY_UIApplicationSupportsIndirectInputEvents[sdk=iphonesimulator*]" = YES;
				"INFOPLIST_KEY_UILaunchScreen_Generation[sdk=iphoneos*]" = YES;
				"INFOPLIST_KEY_UILaunchScreen_Generation[sdk=iphonesimulator*]" = YES;
				"INFOPLIST_KEY_UIStatusBarStyle[sdk=iphoneos*]" = UIStatusBarStyleDefault;
				"INFOPLIST_KEY_UIStatusBarStyle[sdk=iphonesimulator*]" = UIStatusBarStyleDefault;
				INFOPLIST_KEY_UISupportedInterfaceOrientations_iPad = "UIInterfaceOrientationPortrait UIInterfaceOrientationPortraitUpsideDown UIInterfaceOrientationLandscapeLeft UIInterfaceOrientationLandscapeRight";
				INFOPLIST_KEY_UISupportedInterfaceOrientations_iPhone = "UIInterfaceOrientationPortrait UIInterfaceOrientationLandscapeLeft UIInterfaceOrientationLandscapeRight";
				IPHONEOS_DEPLOYMENT_TARGET = 17.0;
				LD_RUNPATH_SEARCH_PATHS = "@executable_path/Frameworks";
				"LD_RUNPATH_SEARCH_PATHS[sdk=macosx*]" = "@executable_path/../Frameworks";
				MACOSX_DEPLOYMENT_TARGET = 14.0;
				MARKETING_VERSION = 1.0;
				PRODUCT_BUNDLE_IDENTIFIER = "victorshp30.Anime-Landia";
				PRODUCT_NAME = "$(TARGET_NAME)";
				SDKROOT = auto;
				SUPPORTED_PLATFORMS = "iphoneos iphonesimulator macosx";
				SWIFT_EMIT_LOC_STRINGS = YES;
				SWIFT_VERSION = 5.0;
				TARGETED_DEVICE_FAMILY = "1,2";
			};
			name = Release;
		};
		2F7A4EFF2AC88B8800D4F2E8 /* Debug */ = {
			isa = XCBuildConfiguration;
			buildSettings = {
				ALWAYS_EMBED_SWIFT_STANDARD_LIBRARIES = YES;
				BUNDLE_LOADER = "$(TEST_HOST)";
				CODE_SIGN_STYLE = Automatic;
				CURRENT_PROJECT_VERSION = 1;
				DEVELOPMENT_TEAM = 8SB327NDUL;
				GENERATE_INFOPLIST_FILE = YES;
				IPHONEOS_DEPLOYMENT_TARGET = 17.0;
				MACOSX_DEPLOYMENT_TARGET = 14.0;
				MARKETING_VERSION = 1.0;
				PRODUCT_BUNDLE_IDENTIFIER = "victorshp30.Anime-LandiaTests";
				PRODUCT_NAME = "$(TARGET_NAME)";
				SDKROOT = auto;
				SUPPORTED_PLATFORMS = "iphoneos iphonesimulator macosx";
				SWIFT_EMIT_LOC_STRINGS = NO;
				SWIFT_VERSION = 5.0;
				TARGETED_DEVICE_FAMILY = "1,2";
				TEST_HOST = "$(BUILT_PRODUCTS_DIR)/Anime Landia.app/$(BUNDLE_EXECUTABLE_FOLDER_PATH)/Anime Landia";
			};
			name = Debug;
		};
		2F7A4F002AC88B8800D4F2E8 /* Release */ = {
			isa = XCBuildConfiguration;
			buildSettings = {
				ALWAYS_EMBED_SWIFT_STANDARD_LIBRARIES = YES;
				BUNDLE_LOADER = "$(TEST_HOST)";
				CODE_SIGN_STYLE = Automatic;
				CURRENT_PROJECT_VERSION = 1;
				DEVELOPMENT_TEAM = 8SB327NDUL;
				GENERATE_INFOPLIST_FILE = YES;
				IPHONEOS_DEPLOYMENT_TARGET = 17.0;
				MACOSX_DEPLOYMENT_TARGET = 14.0;
				MARKETING_VERSION = 1.0;
				PRODUCT_BUNDLE_IDENTIFIER = "victorshp30.Anime-LandiaTests";
				PRODUCT_NAME = "$(TARGET_NAME)";
				SDKROOT = auto;
				SUPPORTED_PLATFORMS = "iphoneos iphonesimulator macosx";
				SWIFT_EMIT_LOC_STRINGS = NO;
				SWIFT_VERSION = 5.0;
				TARGETED_DEVICE_FAMILY = "1,2";
				TEST_HOST = "$(BUILT_PRODUCTS_DIR)/Anime Landia.app/$(BUNDLE_EXECUTABLE_FOLDER_PATH)/Anime Landia";
			};
			name = Release;
		};
		2F7A4F022AC88B8800D4F2E8 /* Debug */ = {
			isa = XCBuildConfiguration;
			buildSettings = {
				ALWAYS_EMBED_SWIFT_STANDARD_LIBRARIES = YES;
				CODE_SIGN_STYLE = Automatic;
				CURRENT_PROJECT_VERSION = 1;
				DEVELOPMENT_TEAM = 8SB327NDUL;
				GENERATE_INFOPLIST_FILE = YES;
				IPHONEOS_DEPLOYMENT_TARGET = 17.0;
				MACOSX_DEPLOYMENT_TARGET = 14.0;
				MARKETING_VERSION = 1.0;
				PRODUCT_BUNDLE_IDENTIFIER = "victorshp30.Anime-LandiaUITests";
				PRODUCT_NAME = "$(TARGET_NAME)";
				SDKROOT = auto;
				SUPPORTED_PLATFORMS = "iphoneos iphonesimulator macosx";
				SWIFT_EMIT_LOC_STRINGS = NO;
				SWIFT_VERSION = 5.0;
				TARGETED_DEVICE_FAMILY = "1,2";
				TEST_TARGET_NAME = "Anime Landia";
			};
			name = Debug;
		};
		2F7A4F032AC88B8800D4F2E8 /* Release */ = {
			isa = XCBuildConfiguration;
			buildSettings = {
				ALWAYS_EMBED_SWIFT_STANDARD_LIBRARIES = YES;
				CODE_SIGN_STYLE = Automatic;
				CURRENT_PROJECT_VERSION = 1;
				DEVELOPMENT_TEAM = 8SB327NDUL;
				GENERATE_INFOPLIST_FILE = YES;
				IPHONEOS_DEPLOYMENT_TARGET = 17.0;
				MACOSX_DEPLOYMENT_TARGET = 14.0;
				MARKETING_VERSION = 1.0;
				PRODUCT_BUNDLE_IDENTIFIER = "victorshp30.Anime-LandiaUITests";
				PRODUCT_NAME = "$(TARGET_NAME)";
				SDKROOT = auto;
				SUPPORTED_PLATFORMS = "iphoneos iphonesimulator macosx";
				SWIFT_EMIT_LOC_STRINGS = NO;
				SWIFT_VERSION = 5.0;
				TARGETED_DEVICE_FAMILY = "1,2";
				TEST_TARGET_NAME = "Anime Landia";
			};
			name = Release;
		};
/* End XCBuildConfiguration section */

/* Begin XCConfigurationList section */
		2F7A4ED12AC88B8600D4F2E8 /* Build configuration list for PBXProject "Anime Landia" */ = {
			isa = XCConfigurationList;
			buildConfigurations = (
				2F7A4EF92AC88B8800D4F2E8 /* Debug */,
				2F7A4EFA2AC88B8800D4F2E8 /* Release */,
			);
			defaultConfigurationIsVisible = 0;
			defaultConfigurationName = Release;
		};
		2F7A4EFB2AC88B8800D4F2E8 /* Build configuration list for PBXNativeTarget "Anime Landia" */ = {
			isa = XCConfigurationList;
			buildConfigurations = (
				2F7A4EFC2AC88B8800D4F2E8 /* Debug */,
				2F7A4EFD2AC88B8800D4F2E8 /* Release */,
			);
			defaultConfigurationIsVisible = 0;
			defaultConfigurationName = Release;
		};
		2F7A4EFE2AC88B8800D4F2E8 /* Build configuration list for PBXNativeTarget "Anime LandiaTests" */ = {
			isa = XCConfigurationList;
			buildConfigurations = (
				2F7A4EFF2AC88B8800D4F2E8 /* Debug */,
				2F7A4F002AC88B8800D4F2E8 /* Release */,
			);
			defaultConfigurationIsVisible = 0;
			defaultConfigurationName = Release;
		};
		2F7A4F012AC88B8800D4F2E8 /* Build configuration list for PBXNativeTarget "Anime LandiaUITests" */ = {
			isa = XCConfigurationList;
			buildConfigurations = (
				2F7A4F022AC88B8800D4F2E8 /* Debug */,
				2F7A4F032AC88B8800D4F2E8 /* Release */,
			);
			defaultConfigurationIsVisible = 0;
			defaultConfigurationName = Release;
		};
/* End XCConfigurationList section */
	};
	rootObject = 2F7A4ECE2AC88B8600D4F2E8 /* Project object */;
}
